
Microsoft Visual Studio Solution File, Format Version 12.00
# Visual Studio 2013
VisualStudioVersion = 12.0.31101.0
MinimumVisualStudioVersion = 10.0.40219.1
Project("{FAE04EC0-301F-11D3-BF4B-00C04F79EFBC}") = "NGraphics.Net", "Platforms\NGraphics.Net\NGraphics.Net.csproj", "{D59E8B57-9EC9-46FC-9E74-02FD6F2AA6FD}"
EndProject
Project("{FAE04EC0-301F-11D3-BF4B-00C04F79EFBC}") = "NGraphics.iOS", "Platforms\NGraphics.iOS\NGraphics.iOS.csproj", "{11A2EFE5-5E9E-41A1-B3D4-CD6665BD5D96}"
EndProject
Project("{FAE04EC0-301F-11D3-BF4B-00C04F79EFBC}") = "NGraphics", "NGraphics\NGraphics.csproj", "{4EA643B9-84F6-4AD4-B89E-AE230A7461B8}"
EndProject
Project("{FAE04EC0-301F-11D3-BF4B-00C04F79EFBC}") = "NGraphics.Android", "Platforms\NGraphics.Android\NGraphics.Android.csproj", "{FE4491D7-0609-4D6F-957B-9DDA3FA03D9F}"
EndProject
Project("{2150E333-8FDC-42A3-9474-1A3956D46DE8}") = "Platforms", "Platforms", "{BCFB0D4C-CAEB-4FDF-B354-446CEDC38A3F}"
EndProject
Project("{2150E333-8FDC-42A3-9474-1A3956D46DE8}") = "Platforms.Tests", "Platforms.Tests", "{E72125D5-EA48-4E8D-B252-B1D78E7BC79B}"
EndProject
Project("{FAE04EC0-301F-11D3-BF4B-00C04F79EFBC}") = "NGraphics.Android.Test", "Tests\NGraphics.Android.Test\NGraphics.Android.Test.csproj", "{7AEE1826-7F7B-4F1A-B779-D80DD2E9E1B3}"
EndProject
Project("{FAE04EC0-301F-11D3-BF4B-00C04F79EFBC}") = "NGraphics.iOS.Test", "Tests\NGraphics.iOS.Test\NGraphics.iOS.Test.csproj", "{2ED263C0-FAA0-4CAB-B212-15A94801F09B}"
EndProject
Project("{FAE04EC0-301F-11D3-BF4B-00C04F79EFBC}") = "NGraphics.Net.Test", "Tests\NGraphics.Net.Test\NGraphics.Net.Test.csproj", "{8E435CF3-C669-41BF-9768-7A40EBD21CC5}"
EndProject
Project("{FAE04EC0-301F-11D3-BF4B-00C04F79EFBC}") = "NGraphics.Test", "Tests\NGraphics.Test\NGraphics.Test.csproj", "{D8259A30-0714-4160-89AF-0C644551DF3B}"
EndProject
Project("{FAE04EC0-301F-11D3-BF4B-00C04F79EFBC}") = "NGraphics.WindowsPhone", "Platforms\NGraphics.WindowsPhone\NGraphics.WindowsPhone.csproj", "{82348188-6DDB-4AB7-8DE5-E7D5A33975E1}"
EndProject
Project("{FAE04EC0-301F-11D3-BF4B-00C04F79EFBC}") = "NGraphics.WindowsStore", "Platforms\NGraphics.WindowsStore\NGraphics.WindowsStore.csproj", "{35F0412D-049B-4660-8CFF-798833084D68}"
EndProject
Project("{FAE04EC0-301F-11D3-BF4B-00C04F79EFBC}") = "NGraphics.WindowsStore.Test", "Tests\NGraphics.WindowsStore.Test\NGraphics.WindowsStore.Test.csproj", "{060349AB-8F2C-4AB3-BA04-91BA5013B2A7}"
EndProject
Global
	GlobalSection(SolutionConfigurationPlatforms) = preSolution
		Ad-Hoc|Android = Ad-Hoc|Android
		Ad-Hoc|ARM = Ad-Hoc|ARM
		Ad-Hoc|DotNet = Ad-Hoc|DotNet
		Ad-Hoc|iPhone = Ad-Hoc|iPhone
		Ad-Hoc|iPhoneSimulator = Ad-Hoc|iPhoneSimulator
		Ad-Hoc|Mixed Platforms = Ad-Hoc|Mixed Platforms
		Ad-Hoc|x64 = Ad-Hoc|x64
		Ad-Hoc|x86 = Ad-Hoc|x86
		AppStore|Android = AppStore|Android
		AppStore|ARM = AppStore|ARM
		AppStore|DotNet = AppStore|DotNet
		AppStore|iPhone = AppStore|iPhone
		AppStore|iPhoneSimulator = AppStore|iPhoneSimulator
		AppStore|Mixed Platforms = AppStore|Mixed Platforms
		AppStore|x64 = AppStore|x64
		AppStore|x86 = AppStore|x86
		Debug|Android = Debug|Android
		Debug|ARM = Debug|ARM
		Debug|DotNet = Debug|DotNet
		Debug|iPhone = Debug|iPhone
		Debug|iPhoneSimulator = Debug|iPhoneSimulator
		Debug|Mixed Platforms = Debug|Mixed Platforms
		Debug|x64 = Debug|x64
		Debug|x86 = Debug|x86
		Release|Android = Release|Android
		Release|ARM = Release|ARM
		Release|DotNet = Release|DotNet
		Release|iPhone = Release|iPhone
		Release|iPhoneSimulator = Release|iPhoneSimulator
		Release|Mixed Platforms = Release|Mixed Platforms
		Release|x64 = Release|x64
		Release|x86 = Release|x86
	EndGlobalSection
	GlobalSection(ProjectConfigurationPlatforms) = postSolution
		{D59E8B57-9EC9-46FC-9E74-02FD6F2AA6FD}.Ad-Hoc|Android.ActiveCfg = Release|Any CPU
		{D59E8B57-9EC9-46FC-9E74-02FD6F2AA6FD}.Ad-Hoc|Android.Build.0 = Release|Any CPU
		{D59E8B57-9EC9-46FC-9E74-02FD6F2AA6FD}.Ad-Hoc|ARM.ActiveCfg = Debug|Any CPU
		{D59E8B57-9EC9-46FC-9E74-02FD6F2AA6FD}.Ad-Hoc|DotNet.ActiveCfg = Release|Any CPU
		{D59E8B57-9EC9-46FC-9E74-02FD6F2AA6FD}.Ad-Hoc|DotNet.Build.0 = Release|Any CPU
		{D59E8B57-9EC9-46FC-9E74-02FD6F2AA6FD}.Ad-Hoc|iPhone.ActiveCfg = Debug|Any CPU
		{D59E8B57-9EC9-46FC-9E74-02FD6F2AA6FD}.Ad-Hoc|iPhone.Build.0 = Debug|Any CPU
		{D59E8B57-9EC9-46FC-9E74-02FD6F2AA6FD}.Ad-Hoc|iPhoneSimulator.ActiveCfg = Release|Any CPU
		{D59E8B57-9EC9-46FC-9E74-02FD6F2AA6FD}.Ad-Hoc|Mixed Platforms.ActiveCfg = Release|Any CPU
		{D59E8B57-9EC9-46FC-9E74-02FD6F2AA6FD}.Ad-Hoc|Mixed Platforms.Build.0 = Release|Any CPU
		{D59E8B57-9EC9-46FC-9E74-02FD6F2AA6FD}.Ad-Hoc|x64.ActiveCfg = Debug|Any CPU
		{D59E8B57-9EC9-46FC-9E74-02FD6F2AA6FD}.Ad-Hoc|x86.ActiveCfg = Debug|Any CPU
		{D59E8B57-9EC9-46FC-9E74-02FD6F2AA6FD}.AppStore|Android.ActiveCfg = Release|Any CPU
		{D59E8B57-9EC9-46FC-9E74-02FD6F2AA6FD}.AppStore|Android.Build.0 = Release|Any CPU
		{D59E8B57-9EC9-46FC-9E74-02FD6F2AA6FD}.AppStore|ARM.ActiveCfg = Debug|Any CPU
		{D59E8B57-9EC9-46FC-9E74-02FD6F2AA6FD}.AppStore|DotNet.ActiveCfg = Release|Any CPU
		{D59E8B57-9EC9-46FC-9E74-02FD6F2AA6FD}.AppStore|DotNet.Build.0 = Release|Any CPU
		{D59E8B57-9EC9-46FC-9E74-02FD6F2AA6FD}.AppStore|iPhone.ActiveCfg = Debug|Any CPU
		{D59E8B57-9EC9-46FC-9E74-02FD6F2AA6FD}.AppStore|iPhone.Build.0 = Debug|Any CPU
		{D59E8B57-9EC9-46FC-9E74-02FD6F2AA6FD}.AppStore|iPhoneSimulator.ActiveCfg = Release|Any CPU
		{D59E8B57-9EC9-46FC-9E74-02FD6F2AA6FD}.AppStore|Mixed Platforms.ActiveCfg = Release|Any CPU
		{D59E8B57-9EC9-46FC-9E74-02FD6F2AA6FD}.AppStore|Mixed Platforms.Build.0 = Release|Any CPU
		{D59E8B57-9EC9-46FC-9E74-02FD6F2AA6FD}.AppStore|x64.ActiveCfg = Debug|Any CPU
		{D59E8B57-9EC9-46FC-9E74-02FD6F2AA6FD}.AppStore|x86.ActiveCfg = Debug|Any CPU
		{D59E8B57-9EC9-46FC-9E74-02FD6F2AA6FD}.Debug|Android.ActiveCfg = Debug|Any CPU
		{D59E8B57-9EC9-46FC-9E74-02FD6F2AA6FD}.Debug|ARM.ActiveCfg = Debug|Any CPU
		{D59E8B57-9EC9-46FC-9E74-02FD6F2AA6FD}.Debug|DotNet.ActiveCfg = Debug|Any CPU
		{D59E8B57-9EC9-46FC-9E74-02FD6F2AA6FD}.Debug|DotNet.Build.0 = Debug|Any CPU
		{D59E8B57-9EC9-46FC-9E74-02FD6F2AA6FD}.Debug|iPhone.ActiveCfg = Debug|Any CPU
		{D59E8B57-9EC9-46FC-9E74-02FD6F2AA6FD}.Debug|iPhone.Build.0 = Debug|Any CPU
		{D59E8B57-9EC9-46FC-9E74-02FD6F2AA6FD}.Debug|iPhoneSimulator.ActiveCfg = Debug|Any CPU
		{D59E8B57-9EC9-46FC-9E74-02FD6F2AA6FD}.Debug|iPhoneSimulator.Build.0 = Debug|Any CPU
		{D59E8B57-9EC9-46FC-9E74-02FD6F2AA6FD}.Debug|Mixed Platforms.ActiveCfg = Debug|Any CPU
		{D59E8B57-9EC9-46FC-9E74-02FD6F2AA6FD}.Debug|Mixed Platforms.Build.0 = Debug|Any CPU
		{D59E8B57-9EC9-46FC-9E74-02FD6F2AA6FD}.Debug|x64.ActiveCfg = Debug|Any CPU
		{D59E8B57-9EC9-46FC-9E74-02FD6F2AA6FD}.Debug|x86.ActiveCfg = Debug|Any CPU
		{D59E8B57-9EC9-46FC-9E74-02FD6F2AA6FD}.Release|Android.ActiveCfg = Release|Any CPU
		{D59E8B57-9EC9-46FC-9E74-02FD6F2AA6FD}.Release|Android.Build.0 = Release|Any CPU
		{D59E8B57-9EC9-46FC-9E74-02FD6F2AA6FD}.Release|ARM.ActiveCfg = Release|Any CPU
		{D59E8B57-9EC9-46FC-9E74-02FD6F2AA6FD}.Release|DotNet.ActiveCfg = Release|Any CPU
		{D59E8B57-9EC9-46FC-9E74-02FD6F2AA6FD}.Release|DotNet.Build.0 = Release|Any CPU
		{D59E8B57-9EC9-46FC-9E74-02FD6F2AA6FD}.Release|iPhone.ActiveCfg = Release|Any CPU
		{D59E8B57-9EC9-46FC-9E74-02FD6F2AA6FD}.Release|iPhone.Build.0 = Release|Any CPU
		{D59E8B57-9EC9-46FC-9E74-02FD6F2AA6FD}.Release|iPhoneSimulator.ActiveCfg = Release|Any CPU
		{D59E8B57-9EC9-46FC-9E74-02FD6F2AA6FD}.Release|iPhoneSimulator.Build.0 = Release|Any CPU
		{D59E8B57-9EC9-46FC-9E74-02FD6F2AA6FD}.Release|Mixed Platforms.ActiveCfg = Release|Any CPU
		{D59E8B57-9EC9-46FC-9E74-02FD6F2AA6FD}.Release|Mixed Platforms.Build.0 = Release|Any CPU
		{D59E8B57-9EC9-46FC-9E74-02FD6F2AA6FD}.Release|x64.ActiveCfg = Release|Any CPU
		{D59E8B57-9EC9-46FC-9E74-02FD6F2AA6FD}.Release|x86.ActiveCfg = Release|Any CPU
		{11A2EFE5-5E9E-41A1-B3D4-CD6665BD5D96}.Ad-Hoc|Android.ActiveCfg = Release|Any CPU
		{11A2EFE5-5E9E-41A1-B3D4-CD6665BD5D96}.Ad-Hoc|Android.Build.0 = Release|Any CPU
		{11A2EFE5-5E9E-41A1-B3D4-CD6665BD5D96}.Ad-Hoc|ARM.ActiveCfg = Debug|Any CPU
		{11A2EFE5-5E9E-41A1-B3D4-CD6665BD5D96}.Ad-Hoc|DotNet.ActiveCfg = Release|Any CPU
		{11A2EFE5-5E9E-41A1-B3D4-CD6665BD5D96}.Ad-Hoc|DotNet.Build.0 = Release|Any CPU
		{11A2EFE5-5E9E-41A1-B3D4-CD6665BD5D96}.Ad-Hoc|iPhone.ActiveCfg = Debug|Any CPU
		{11A2EFE5-5E9E-41A1-B3D4-CD6665BD5D96}.Ad-Hoc|iPhone.Build.0 = Debug|Any CPU
		{11A2EFE5-5E9E-41A1-B3D4-CD6665BD5D96}.Ad-Hoc|iPhoneSimulator.ActiveCfg = Release|Any CPU
		{11A2EFE5-5E9E-41A1-B3D4-CD6665BD5D96}.Ad-Hoc|Mixed Platforms.ActiveCfg = Release|Any CPU
		{11A2EFE5-5E9E-41A1-B3D4-CD6665BD5D96}.Ad-Hoc|Mixed Platforms.Build.0 = Release|Any CPU
		{11A2EFE5-5E9E-41A1-B3D4-CD6665BD5D96}.Ad-Hoc|x64.ActiveCfg = Debug|Any CPU
		{11A2EFE5-5E9E-41A1-B3D4-CD6665BD5D96}.Ad-Hoc|x86.ActiveCfg = Debug|Any CPU
		{11A2EFE5-5E9E-41A1-B3D4-CD6665BD5D96}.AppStore|Android.ActiveCfg = Release|Any CPU
		{11A2EFE5-5E9E-41A1-B3D4-CD6665BD5D96}.AppStore|Android.Build.0 = Release|Any CPU
		{11A2EFE5-5E9E-41A1-B3D4-CD6665BD5D96}.AppStore|ARM.ActiveCfg = Debug|Any CPU
		{11A2EFE5-5E9E-41A1-B3D4-CD6665BD5D96}.AppStore|DotNet.ActiveCfg = Release|Any CPU
		{11A2EFE5-5E9E-41A1-B3D4-CD6665BD5D96}.AppStore|DotNet.Build.0 = Release|Any CPU
		{11A2EFE5-5E9E-41A1-B3D4-CD6665BD5D96}.AppStore|iPhone.ActiveCfg = Debug|Any CPU
		{11A2EFE5-5E9E-41A1-B3D4-CD6665BD5D96}.AppStore|iPhone.Build.0 = Debug|Any CPU
		{11A2EFE5-5E9E-41A1-B3D4-CD6665BD5D96}.AppStore|iPhoneSimulator.ActiveCfg = Release|Any CPU
		{11A2EFE5-5E9E-41A1-B3D4-CD6665BD5D96}.AppStore|Mixed Platforms.ActiveCfg = Release|Any CPU
		{11A2EFE5-5E9E-41A1-B3D4-CD6665BD5D96}.AppStore|Mixed Platforms.Build.0 = Release|Any CPU
		{11A2EFE5-5E9E-41A1-B3D4-CD6665BD5D96}.AppStore|x64.ActiveCfg = Debug|Any CPU
		{11A2EFE5-5E9E-41A1-B3D4-CD6665BD5D96}.AppStore|x86.ActiveCfg = Debug|Any CPU
		{11A2EFE5-5E9E-41A1-B3D4-CD6665BD5D96}.Debug|Android.ActiveCfg = Debug|Any CPU
		{11A2EFE5-5E9E-41A1-B3D4-CD6665BD5D96}.Debug|ARM.ActiveCfg = Debug|Any CPU
		{11A2EFE5-5E9E-41A1-B3D4-CD6665BD5D96}.Debug|DotNet.ActiveCfg = Debug|Any CPU
		{11A2EFE5-5E9E-41A1-B3D4-CD6665BD5D96}.Debug|iPhone.ActiveCfg = Debug|Any CPU
		{11A2EFE5-5E9E-41A1-B3D4-CD6665BD5D96}.Debug|iPhone.Build.0 = Debug|Any CPU
		{11A2EFE5-5E9E-41A1-B3D4-CD6665BD5D96}.Debug|iPhoneSimulator.ActiveCfg = Debug|Any CPU
		{11A2EFE5-5E9E-41A1-B3D4-CD6665BD5D96}.Debug|iPhoneSimulator.Build.0 = Debug|Any CPU
		{11A2EFE5-5E9E-41A1-B3D4-CD6665BD5D96}.Debug|Mixed Platforms.ActiveCfg = Debug|Any CPU
		{11A2EFE5-5E9E-41A1-B3D4-CD6665BD5D96}.Debug|Mixed Platforms.Build.0 = Debug|Any CPU
		{11A2EFE5-5E9E-41A1-B3D4-CD6665BD5D96}.Debug|x64.ActiveCfg = Debug|Any CPU
		{11A2EFE5-5E9E-41A1-B3D4-CD6665BD5D96}.Debug|x86.ActiveCfg = Debug|Any CPU
		{11A2EFE5-5E9E-41A1-B3D4-CD6665BD5D96}.Release|Android.ActiveCfg = Release|Any CPU
		{11A2EFE5-5E9E-41A1-B3D4-CD6665BD5D96}.Release|Android.Build.0 = Release|Any CPU
		{11A2EFE5-5E9E-41A1-B3D4-CD6665BD5D96}.Release|ARM.ActiveCfg = Release|Any CPU
		{11A2EFE5-5E9E-41A1-B3D4-CD6665BD5D96}.Release|DotNet.ActiveCfg = Release|Any CPU
		{11A2EFE5-5E9E-41A1-B3D4-CD6665BD5D96}.Release|DotNet.Build.0 = Release|Any CPU
		{11A2EFE5-5E9E-41A1-B3D4-CD6665BD5D96}.Release|iPhone.ActiveCfg = Release|Any CPU
		{11A2EFE5-5E9E-41A1-B3D4-CD6665BD5D96}.Release|iPhone.Build.0 = Release|Any CPU
		{11A2EFE5-5E9E-41A1-B3D4-CD6665BD5D96}.Release|iPhoneSimulator.ActiveCfg = Release|Any CPU
		{11A2EFE5-5E9E-41A1-B3D4-CD6665BD5D96}.Release|iPhoneSimulator.Build.0 = Release|Any CPU
		{11A2EFE5-5E9E-41A1-B3D4-CD6665BD5D96}.Release|Mixed Platforms.ActiveCfg = Release|Any CPU
		{11A2EFE5-5E9E-41A1-B3D4-CD6665BD5D96}.Release|Mixed Platforms.Build.0 = Release|Any CPU
		{11A2EFE5-5E9E-41A1-B3D4-CD6665BD5D96}.Release|x64.ActiveCfg = Release|Any CPU
		{11A2EFE5-5E9E-41A1-B3D4-CD6665BD5D96}.Release|x86.ActiveCfg = Release|Any CPU
		{4EA643B9-84F6-4AD4-B89E-AE230A7461B8}.Ad-Hoc|Android.ActiveCfg = Debug|Any CPU
		{4EA643B9-84F6-4AD4-B89E-AE230A7461B8}.Ad-Hoc|Android.Build.0 = Debug|Any CPU
		{4EA643B9-84F6-4AD4-B89E-AE230A7461B8}.Ad-Hoc|ARM.ActiveCfg = Release|Any CPU
		{4EA643B9-84F6-4AD4-B89E-AE230A7461B8}.Ad-Hoc|DotNet.ActiveCfg = Debug|Any CPU
		{4EA643B9-84F6-4AD4-B89E-AE230A7461B8}.Ad-Hoc|DotNet.Build.0 = Debug|Any CPU
		{4EA643B9-84F6-4AD4-B89E-AE230A7461B8}.Ad-Hoc|iPhone.ActiveCfg = Release|Any CPU
		{4EA643B9-84F6-4AD4-B89E-AE230A7461B8}.Ad-Hoc|iPhone.Build.0 = Release|Any CPU
		{4EA643B9-84F6-4AD4-B89E-AE230A7461B8}.Ad-Hoc|iPhoneSimulator.ActiveCfg = Debug|Any CPU
		{4EA643B9-84F6-4AD4-B89E-AE230A7461B8}.Ad-Hoc|Mixed Platforms.ActiveCfg = Debug|Any CPU
		{4EA643B9-84F6-4AD4-B89E-AE230A7461B8}.Ad-Hoc|Mixed Platforms.Build.0 = Debug|Any CPU
		{4EA643B9-84F6-4AD4-B89E-AE230A7461B8}.Ad-Hoc|x64.ActiveCfg = Release|Any CPU
		{4EA643B9-84F6-4AD4-B89E-AE230A7461B8}.Ad-Hoc|x86.ActiveCfg = Release|Any CPU
		{4EA643B9-84F6-4AD4-B89E-AE230A7461B8}.AppStore|Android.ActiveCfg = Release|Any CPU
		{4EA643B9-84F6-4AD4-B89E-AE230A7461B8}.AppStore|Android.Build.0 = Release|Any CPU
		{4EA643B9-84F6-4AD4-B89E-AE230A7461B8}.AppStore|ARM.ActiveCfg = Release|Any CPU
		{4EA643B9-84F6-4AD4-B89E-AE230A7461B8}.AppStore|DotNet.ActiveCfg = Release|Any CPU
		{4EA643B9-84F6-4AD4-B89E-AE230A7461B8}.AppStore|DotNet.Build.0 = Release|Any CPU
		{4EA643B9-84F6-4AD4-B89E-AE230A7461B8}.AppStore|iPhone.ActiveCfg = Release|Any CPU
		{4EA643B9-84F6-4AD4-B89E-AE230A7461B8}.AppStore|iPhone.Build.0 = Release|Any CPU
		{4EA643B9-84F6-4AD4-B89E-AE230A7461B8}.AppStore|iPhoneSimulator.ActiveCfg = Debug|Any CPU
		{4EA643B9-84F6-4AD4-B89E-AE230A7461B8}.AppStore|Mixed Platforms.ActiveCfg = Debug|Any CPU
		{4EA643B9-84F6-4AD4-B89E-AE230A7461B8}.AppStore|Mixed Platforms.Build.0 = Debug|Any CPU
		{4EA643B9-84F6-4AD4-B89E-AE230A7461B8}.AppStore|x64.ActiveCfg = Release|Any CPU
		{4EA643B9-84F6-4AD4-B89E-AE230A7461B8}.AppStore|x86.ActiveCfg = Release|Any CPU
		{4EA643B9-84F6-4AD4-B89E-AE230A7461B8}.Debug|Android.ActiveCfg = Debug|Any CPU
		{4EA643B9-84F6-4AD4-B89E-AE230A7461B8}.Debug|Android.Build.0 = Debug|Any CPU
		{4EA643B9-84F6-4AD4-B89E-AE230A7461B8}.Debug|ARM.ActiveCfg = Debug|Any CPU
		{4EA643B9-84F6-4AD4-B89E-AE230A7461B8}.Debug|DotNet.ActiveCfg = Debug|Any CPU
		{4EA643B9-84F6-4AD4-B89E-AE230A7461B8}.Debug|DotNet.Build.0 = Debug|Any CPU
		{4EA643B9-84F6-4AD4-B89E-AE230A7461B8}.Debug|iPhone.ActiveCfg = Debug|Any CPU
		{4EA643B9-84F6-4AD4-B89E-AE230A7461B8}.Debug|iPhone.Build.0 = Debug|Any CPU
		{4EA643B9-84F6-4AD4-B89E-AE230A7461B8}.Debug|iPhoneSimulator.ActiveCfg = Debug|Any CPU
		{4EA643B9-84F6-4AD4-B89E-AE230A7461B8}.Debug|iPhoneSimulator.Build.0 = Debug|Any CPU
		{4EA643B9-84F6-4AD4-B89E-AE230A7461B8}.Debug|Mixed Platforms.ActiveCfg = Debug|Any CPU
		{4EA643B9-84F6-4AD4-B89E-AE230A7461B8}.Debug|Mixed Platforms.Build.0 = Debug|Any CPU
		{4EA643B9-84F6-4AD4-B89E-AE230A7461B8}.Debug|x64.ActiveCfg = Debug|Any CPU
		{4EA643B9-84F6-4AD4-B89E-AE230A7461B8}.Debug|x86.ActiveCfg = Debug|Any CPU
		{4EA643B9-84F6-4AD4-B89E-AE230A7461B8}.Release|Android.ActiveCfg = Release|Any CPU
		{4EA643B9-84F6-4AD4-B89E-AE230A7461B8}.Release|Android.Build.0 = Release|Any CPU
		{4EA643B9-84F6-4AD4-B89E-AE230A7461B8}.Release|ARM.ActiveCfg = Release|Any CPU
		{4EA643B9-84F6-4AD4-B89E-AE230A7461B8}.Release|DotNet.ActiveCfg = Release|Any CPU
		{4EA643B9-84F6-4AD4-B89E-AE230A7461B8}.Release|DotNet.Build.0 = Release|Any CPU
		{4EA643B9-84F6-4AD4-B89E-AE230A7461B8}.Release|iPhone.ActiveCfg = Release|Any CPU
		{4EA643B9-84F6-4AD4-B89E-AE230A7461B8}.Release|iPhone.Build.0 = Release|Any CPU
		{4EA643B9-84F6-4AD4-B89E-AE230A7461B8}.Release|iPhoneSimulator.ActiveCfg = Release|Any CPU
		{4EA643B9-84F6-4AD4-B89E-AE230A7461B8}.Release|iPhoneSimulator.Build.0 = Release|Any CPU
		{4EA643B9-84F6-4AD4-B89E-AE230A7461B8}.Release|Mixed Platforms.ActiveCfg = Release|Any CPU
		{4EA643B9-84F6-4AD4-B89E-AE230A7461B8}.Release|Mixed Platforms.Build.0 = Release|Any CPU
		{4EA643B9-84F6-4AD4-B89E-AE230A7461B8}.Release|x64.ActiveCfg = Release|Any CPU
		{4EA643B9-84F6-4AD4-B89E-AE230A7461B8}.Release|x86.ActiveCfg = Release|Any CPU
		{FE4491D7-0609-4D6F-957B-9DDA3FA03D9F}.Ad-Hoc|Android.ActiveCfg = Release|Any CPU
		{FE4491D7-0609-4D6F-957B-9DDA3FA03D9F}.Ad-Hoc|Android.Build.0 = Release|Any CPU
		{FE4491D7-0609-4D6F-957B-9DDA3FA03D9F}.Ad-Hoc|ARM.ActiveCfg = Debug|Any CPU
		{FE4491D7-0609-4D6F-957B-9DDA3FA03D9F}.Ad-Hoc|DotNet.ActiveCfg = Release|Any CPU
		{FE4491D7-0609-4D6F-957B-9DDA3FA03D9F}.Ad-Hoc|DotNet.Build.0 = Release|Any CPU
		{FE4491D7-0609-4D6F-957B-9DDA3FA03D9F}.Ad-Hoc|iPhone.ActiveCfg = Debug|Any CPU
		{FE4491D7-0609-4D6F-957B-9DDA3FA03D9F}.Ad-Hoc|iPhone.Build.0 = Debug|Any CPU
		{FE4491D7-0609-4D6F-957B-9DDA3FA03D9F}.Ad-Hoc|iPhoneSimulator.ActiveCfg = Release|Any CPU
		{FE4491D7-0609-4D6F-957B-9DDA3FA03D9F}.Ad-Hoc|Mixed Platforms.ActiveCfg = Release|Any CPU
		{FE4491D7-0609-4D6F-957B-9DDA3FA03D9F}.Ad-Hoc|Mixed Platforms.Build.0 = Release|Any CPU
		{FE4491D7-0609-4D6F-957B-9DDA3FA03D9F}.Ad-Hoc|x64.ActiveCfg = Debug|Any CPU
		{FE4491D7-0609-4D6F-957B-9DDA3FA03D9F}.Ad-Hoc|x86.ActiveCfg = Debug|Any CPU
		{FE4491D7-0609-4D6F-957B-9DDA3FA03D9F}.AppStore|Android.ActiveCfg = Release|Any CPU
		{FE4491D7-0609-4D6F-957B-9DDA3FA03D9F}.AppStore|Android.Build.0 = Release|Any CPU
		{FE4491D7-0609-4D6F-957B-9DDA3FA03D9F}.AppStore|ARM.ActiveCfg = Debug|Any CPU
		{FE4491D7-0609-4D6F-957B-9DDA3FA03D9F}.AppStore|DotNet.ActiveCfg = Release|Any CPU
		{FE4491D7-0609-4D6F-957B-9DDA3FA03D9F}.AppStore|DotNet.Build.0 = Release|Any CPU
		{FE4491D7-0609-4D6F-957B-9DDA3FA03D9F}.AppStore|iPhone.ActiveCfg = Release|Any CPU
		{FE4491D7-0609-4D6F-957B-9DDA3FA03D9F}.AppStore|iPhone.Build.0 = Release|Any CPU
		{FE4491D7-0609-4D6F-957B-9DDA3FA03D9F}.AppStore|iPhoneSimulator.ActiveCfg = Release|Any CPU
		{FE4491D7-0609-4D6F-957B-9DDA3FA03D9F}.AppStore|Mixed Platforms.ActiveCfg = Release|Any CPU
		{FE4491D7-0609-4D6F-957B-9DDA3FA03D9F}.AppStore|Mixed Platforms.Build.0 = Release|Any CPU
		{FE4491D7-0609-4D6F-957B-9DDA3FA03D9F}.AppStore|x64.ActiveCfg = Debug|Any CPU
		{FE4491D7-0609-4D6F-957B-9DDA3FA03D9F}.AppStore|x86.ActiveCfg = Debug|Any CPU
		{FE4491D7-0609-4D6F-957B-9DDA3FA03D9F}.Debug|Android.ActiveCfg = Debug|Any CPU
		{FE4491D7-0609-4D6F-957B-9DDA3FA03D9F}.Debug|Android.Build.0 = Debug|Any CPU
		{FE4491D7-0609-4D6F-957B-9DDA3FA03D9F}.Debug|ARM.ActiveCfg = Debug|Any CPU
		{FE4491D7-0609-4D6F-957B-9DDA3FA03D9F}.Debug|DotNet.ActiveCfg = Debug|Any CPU
		{FE4491D7-0609-4D6F-957B-9DDA3FA03D9F}.Debug|iPhone.ActiveCfg = Debug|Any CPU
		{FE4491D7-0609-4D6F-957B-9DDA3FA03D9F}.Debug|iPhoneSimulator.ActiveCfg = Debug|Any CPU
		{FE4491D7-0609-4D6F-957B-9DDA3FA03D9F}.Debug|iPhoneSimulator.Build.0 = Debug|Any CPU
		{FE4491D7-0609-4D6F-957B-9DDA3FA03D9F}.Debug|Mixed Platforms.ActiveCfg = Debug|Any CPU
		{FE4491D7-0609-4D6F-957B-9DDA3FA03D9F}.Debug|Mixed Platforms.Build.0 = Debug|Any CPU
		{FE4491D7-0609-4D6F-957B-9DDA3FA03D9F}.Debug|x64.ActiveCfg = Debug|Any CPU
		{FE4491D7-0609-4D6F-957B-9DDA3FA03D9F}.Debug|x86.ActiveCfg = Debug|Any CPU
		{FE4491D7-0609-4D6F-957B-9DDA3FA03D9F}.Release|Android.ActiveCfg = Release|Any CPU
		{FE4491D7-0609-4D6F-957B-9DDA3FA03D9F}.Release|Android.Build.0 = Release|Any CPU
		{FE4491D7-0609-4D6F-957B-9DDA3FA03D9F}.Release|ARM.ActiveCfg = Release|Any CPU
		{FE4491D7-0609-4D6F-957B-9DDA3FA03D9F}.Release|DotNet.ActiveCfg = Release|Any CPU
		{FE4491D7-0609-4D6F-957B-9DDA3FA03D9F}.Release|DotNet.Build.0 = Release|Any CPU
		{FE4491D7-0609-4D6F-957B-9DDA3FA03D9F}.Release|iPhone.ActiveCfg = Release|Any CPU
		{FE4491D7-0609-4D6F-957B-9DDA3FA03D9F}.Release|iPhone.Build.0 = Release|Any CPU
		{FE4491D7-0609-4D6F-957B-9DDA3FA03D9F}.Release|iPhoneSimulator.ActiveCfg = Release|Any CPU
		{FE4491D7-0609-4D6F-957B-9DDA3FA03D9F}.Release|iPhoneSimulator.Build.0 = Release|Any CPU
		{FE4491D7-0609-4D6F-957B-9DDA3FA03D9F}.Release|Mixed Platforms.ActiveCfg = Release|Any CPU
		{FE4491D7-0609-4D6F-957B-9DDA3FA03D9F}.Release|Mixed Platforms.Build.0 = Release|Any CPU
		{FE4491D7-0609-4D6F-957B-9DDA3FA03D9F}.Release|x64.ActiveCfg = Release|Any CPU
		{FE4491D7-0609-4D6F-957B-9DDA3FA03D9F}.Release|x86.ActiveCfg = Release|Any CPU
		{7AEE1826-7F7B-4F1A-B779-D80DD2E9E1B3}.Ad-Hoc|Android.ActiveCfg = Release|Any CPU
		{7AEE1826-7F7B-4F1A-B779-D80DD2E9E1B3}.Ad-Hoc|Android.Build.0 = Release|Any CPU
		{7AEE1826-7F7B-4F1A-B779-D80DD2E9E1B3}.Ad-Hoc|Android.Deploy.0 = Release|Any CPU
		{7AEE1826-7F7B-4F1A-B779-D80DD2E9E1B3}.Ad-Hoc|ARM.ActiveCfg = Debug|Any CPU
		{7AEE1826-7F7B-4F1A-B779-D80DD2E9E1B3}.Ad-Hoc|DotNet.ActiveCfg = Release|Any CPU
		{7AEE1826-7F7B-4F1A-B779-D80DD2E9E1B3}.Ad-Hoc|DotNet.Build.0 = Release|Any CPU
		{7AEE1826-7F7B-4F1A-B779-D80DD2E9E1B3}.Ad-Hoc|DotNet.Deploy.0 = Release|Any CPU
		{7AEE1826-7F7B-4F1A-B779-D80DD2E9E1B3}.Ad-Hoc|iPhone.ActiveCfg = Release|Any CPU
		{7AEE1826-7F7B-4F1A-B779-D80DD2E9E1B3}.Ad-Hoc|iPhoneSimulator.ActiveCfg = Release|Any CPU
		{7AEE1826-7F7B-4F1A-B779-D80DD2E9E1B3}.Ad-Hoc|Mixed Platforms.ActiveCfg = Release|Any CPU
		{7AEE1826-7F7B-4F1A-B779-D80DD2E9E1B3}.Ad-Hoc|Mixed Platforms.Build.0 = Release|Any CPU
		{7AEE1826-7F7B-4F1A-B779-D80DD2E9E1B3}.Ad-Hoc|Mixed Platforms.Deploy.0 = Release|Any CPU
		{7AEE1826-7F7B-4F1A-B779-D80DD2E9E1B3}.Ad-Hoc|x64.ActiveCfg = Debug|Any CPU
		{7AEE1826-7F7B-4F1A-B779-D80DD2E9E1B3}.Ad-Hoc|x86.ActiveCfg = Debug|Any CPU
		{7AEE1826-7F7B-4F1A-B779-D80DD2E9E1B3}.AppStore|Android.ActiveCfg = Release|Any CPU
		{7AEE1826-7F7B-4F1A-B779-D80DD2E9E1B3}.AppStore|Android.Build.0 = Release|Any CPU
		{7AEE1826-7F7B-4F1A-B779-D80DD2E9E1B3}.AppStore|Android.Deploy.0 = Release|Any CPU
		{7AEE1826-7F7B-4F1A-B779-D80DD2E9E1B3}.AppStore|ARM.ActiveCfg = Debug|Any CPU
		{7AEE1826-7F7B-4F1A-B779-D80DD2E9E1B3}.AppStore|DotNet.ActiveCfg = Release|Any CPU
		{7AEE1826-7F7B-4F1A-B779-D80DD2E9E1B3}.AppStore|DotNet.Build.0 = Release|Any CPU
		{7AEE1826-7F7B-4F1A-B779-D80DD2E9E1B3}.AppStore|DotNet.Deploy.0 = Release|Any CPU
		{7AEE1826-7F7B-4F1A-B779-D80DD2E9E1B3}.AppStore|iPhone.ActiveCfg = Release|Any CPU
		{7AEE1826-7F7B-4F1A-B779-D80DD2E9E1B3}.AppStore|iPhoneSimulator.ActiveCfg = Release|Any CPU
		{7AEE1826-7F7B-4F1A-B779-D80DD2E9E1B3}.AppStore|Mixed Platforms.ActiveCfg = Release|Any CPU
		{7AEE1826-7F7B-4F1A-B779-D80DD2E9E1B3}.AppStore|Mixed Platforms.Build.0 = Release|Any CPU
		{7AEE1826-7F7B-4F1A-B779-D80DD2E9E1B3}.AppStore|Mixed Platforms.Deploy.0 = Release|Any CPU
		{7AEE1826-7F7B-4F1A-B779-D80DD2E9E1B3}.AppStore|x64.ActiveCfg = Debug|Any CPU
		{7AEE1826-7F7B-4F1A-B779-D80DD2E9E1B3}.AppStore|x86.ActiveCfg = Debug|Any CPU
		{7AEE1826-7F7B-4F1A-B779-D80DD2E9E1B3}.Debug|Android.ActiveCfg = Debug|Any CPU
		{7AEE1826-7F7B-4F1A-B779-D80DD2E9E1B3}.Debug|Android.Build.0 = Debug|Any CPU
		{7AEE1826-7F7B-4F1A-B779-D80DD2E9E1B3}.Debug|Android.Deploy.0 = Debug|Any CPU
		{7AEE1826-7F7B-4F1A-B779-D80DD2E9E1B3}.Debug|ARM.ActiveCfg = Debug|Any CPU
		{7AEE1826-7F7B-4F1A-B779-D80DD2E9E1B3}.Debug|DotNet.ActiveCfg = Debug|Any CPU
		{7AEE1826-7F7B-4F1A-B779-D80DD2E9E1B3}.Debug|iPhone.ActiveCfg = Debug|Any CPU
		{7AEE1826-7F7B-4F1A-B779-D80DD2E9E1B3}.Debug|iPhoneSimulator.ActiveCfg = Debug|Any CPU
		{7AEE1826-7F7B-4F1A-B779-D80DD2E9E1B3}.Debug|Mixed Platforms.ActiveCfg = Debug|Any CPU
		{7AEE1826-7F7B-4F1A-B779-D80DD2E9E1B3}.Debug|Mixed Platforms.Build.0 = Debug|Any CPU
		{7AEE1826-7F7B-4F1A-B779-D80DD2E9E1B3}.Debug|Mixed Platforms.Deploy.0 = Debug|Any CPU
		{7AEE1826-7F7B-4F1A-B779-D80DD2E9E1B3}.Debug|x64.ActiveCfg = Debug|Any CPU
		{7AEE1826-7F7B-4F1A-B779-D80DD2E9E1B3}.Debug|x86.ActiveCfg = Debug|Any CPU
		{7AEE1826-7F7B-4F1A-B779-D80DD2E9E1B3}.Release|Android.ActiveCfg = Release|Any CPU
		{7AEE1826-7F7B-4F1A-B779-D80DD2E9E1B3}.Release|Android.Build.0 = Release|Any CPU
		{7AEE1826-7F7B-4F1A-B779-D80DD2E9E1B3}.Release|Android.Deploy.0 = Release|Any CPU
		{7AEE1826-7F7B-4F1A-B779-D80DD2E9E1B3}.Release|ARM.ActiveCfg = Release|Any CPU
		{7AEE1826-7F7B-4F1A-B779-D80DD2E9E1B3}.Release|DotNet.ActiveCfg = Release|Any CPU
		{7AEE1826-7F7B-4F1A-B779-D80DD2E9E1B3}.Release|DotNet.Build.0 = Release|Any CPU
		{7AEE1826-7F7B-4F1A-B779-D80DD2E9E1B3}.Release|iPhone.ActiveCfg = Release|Any CPU
		{7AEE1826-7F7B-4F1A-B779-D80DD2E9E1B3}.Release|iPhoneSimulator.ActiveCfg = Release|Any CPU
		{7AEE1826-7F7B-4F1A-B779-D80DD2E9E1B3}.Release|Mixed Platforms.ActiveCfg = Release|Any CPU
		{7AEE1826-7F7B-4F1A-B779-D80DD2E9E1B3}.Release|Mixed Platforms.Build.0 = Release|Any CPU
		{7AEE1826-7F7B-4F1A-B779-D80DD2E9E1B3}.Release|Mixed Platforms.Deploy.0 = Release|Any CPU
		{7AEE1826-7F7B-4F1A-B779-D80DD2E9E1B3}.Release|x64.ActiveCfg = Release|Any CPU
		{7AEE1826-7F7B-4F1A-B779-D80DD2E9E1B3}.Release|x86.ActiveCfg = Release|Any CPU
		{2ED263C0-FAA0-4CAB-B212-15A94801F09B}.Ad-Hoc|Android.ActiveCfg = Ad-Hoc|iPhone
		{2ED263C0-FAA0-4CAB-B212-15A94801F09B}.Ad-Hoc|ARM.ActiveCfg = Ad-Hoc|iPhoneSimulator
		{2ED263C0-FAA0-4CAB-B212-15A94801F09B}.Ad-Hoc|DotNet.ActiveCfg = Ad-Hoc|iPhone
		{2ED263C0-FAA0-4CAB-B212-15A94801F09B}.Ad-Hoc|iPhone.ActiveCfg = Ad-Hoc|iPhone
		{2ED263C0-FAA0-4CAB-B212-15A94801F09B}.Ad-Hoc|iPhone.Build.0 = Ad-Hoc|iPhone
		{2ED263C0-FAA0-4CAB-B212-15A94801F09B}.Ad-Hoc|iPhoneSimulator.ActiveCfg = Ad-Hoc|iPhoneSimulator
		{2ED263C0-FAA0-4CAB-B212-15A94801F09B}.Ad-Hoc|iPhoneSimulator.Build.0 = Ad-Hoc|iPhoneSimulator
		{2ED263C0-FAA0-4CAB-B212-15A94801F09B}.Ad-Hoc|Mixed Platforms.ActiveCfg = Ad-Hoc|iPhone
		{2ED263C0-FAA0-4CAB-B212-15A94801F09B}.Ad-Hoc|Mixed Platforms.Build.0 = Ad-Hoc|iPhone
		{2ED263C0-FAA0-4CAB-B212-15A94801F09B}.Ad-Hoc|x64.ActiveCfg = Ad-Hoc|iPhoneSimulator
		{2ED263C0-FAA0-4CAB-B212-15A94801F09B}.Ad-Hoc|x86.ActiveCfg = Ad-Hoc|iPhoneSimulator
		{2ED263C0-FAA0-4CAB-B212-15A94801F09B}.AppStore|Android.ActiveCfg = AppStore|iPhone
		{2ED263C0-FAA0-4CAB-B212-15A94801F09B}.AppStore|ARM.ActiveCfg = AppStore|iPhoneSimulator
		{2ED263C0-FAA0-4CAB-B212-15A94801F09B}.AppStore|DotNet.ActiveCfg = AppStore|iPhone
		{2ED263C0-FAA0-4CAB-B212-15A94801F09B}.AppStore|iPhone.ActiveCfg = AppStore|iPhone
		{2ED263C0-FAA0-4CAB-B212-15A94801F09B}.AppStore|iPhone.Build.0 = AppStore|iPhone
		{2ED263C0-FAA0-4CAB-B212-15A94801F09B}.AppStore|iPhoneSimulator.ActiveCfg = AppStore|iPhoneSimulator
		{2ED263C0-FAA0-4CAB-B212-15A94801F09B}.AppStore|iPhoneSimulator.Build.0 = AppStore|iPhoneSimulator
		{2ED263C0-FAA0-4CAB-B212-15A94801F09B}.AppStore|Mixed Platforms.ActiveCfg = AppStore|iPhone
		{2ED263C0-FAA0-4CAB-B212-15A94801F09B}.AppStore|Mixed Platforms.Build.0 = AppStore|iPhone
		{2ED263C0-FAA0-4CAB-B212-15A94801F09B}.AppStore|x64.ActiveCfg = AppStore|iPhoneSimulator
		{2ED263C0-FAA0-4CAB-B212-15A94801F09B}.AppStore|x86.ActiveCfg = AppStore|iPhoneSimulator
		{2ED263C0-FAA0-4CAB-B212-15A94801F09B}.Debug|Android.ActiveCfg = Debug|iPhone
		{2ED263C0-FAA0-4CAB-B212-15A94801F09B}.Debug|ARM.ActiveCfg = Debug|iPhoneSimulator
		{2ED263C0-FAA0-4CAB-B212-15A94801F09B}.Debug|DotNet.ActiveCfg = Debug|iPhone
		{2ED263C0-FAA0-4CAB-B212-15A94801F09B}.Debug|iPhone.ActiveCfg = Debug|iPhone
		{2ED263C0-FAA0-4CAB-B212-15A94801F09B}.Debug|iPhone.Build.0 = Debug|iPhone
		{2ED263C0-FAA0-4CAB-B212-15A94801F09B}.Debug|iPhoneSimulator.ActiveCfg = Debug|iPhoneSimulator
		{2ED263C0-FAA0-4CAB-B212-15A94801F09B}.Debug|iPhoneSimulator.Build.0 = Debug|iPhoneSimulator
		{2ED263C0-FAA0-4CAB-B212-15A94801F09B}.Debug|Mixed Platforms.ActiveCfg = Debug|iPhone
		{2ED263C0-FAA0-4CAB-B212-15A94801F09B}.Debug|Mixed Platforms.Build.0 = Debug|iPhone
		{2ED263C0-FAA0-4CAB-B212-15A94801F09B}.Debug|x64.ActiveCfg = Debug|iPhoneSimulator
		{2ED263C0-FAA0-4CAB-B212-15A94801F09B}.Debug|x86.ActiveCfg = Debug|iPhoneSimulator
		{2ED263C0-FAA0-4CAB-B212-15A94801F09B}.Release|Android.ActiveCfg = Release|iPhone
		{2ED263C0-FAA0-4CAB-B212-15A94801F09B}.Release|ARM.ActiveCfg = Release|iPhoneSimulator
		{2ED263C0-FAA0-4CAB-B212-15A94801F09B}.Release|DotNet.ActiveCfg = Release|iPhone
		{2ED263C0-FAA0-4CAB-B212-15A94801F09B}.Release|DotNet.Build.0 = Release|iPhone
		{2ED263C0-FAA0-4CAB-B212-15A94801F09B}.Release|iPhone.ActiveCfg = Release|iPhone
		{2ED263C0-FAA0-4CAB-B212-15A94801F09B}.Release|iPhone.Build.0 = Release|iPhone
		{2ED263C0-FAA0-4CAB-B212-15A94801F09B}.Release|iPhoneSimulator.ActiveCfg = Release|iPhoneSimulator
		{2ED263C0-FAA0-4CAB-B212-15A94801F09B}.Release|iPhoneSimulator.Build.0 = Release|iPhoneSimulator
		{2ED263C0-FAA0-4CAB-B212-15A94801F09B}.Release|Mixed Platforms.ActiveCfg = Release|iPhone
		{2ED263C0-FAA0-4CAB-B212-15A94801F09B}.Release|Mixed Platforms.Build.0 = Release|iPhone
		{2ED263C0-FAA0-4CAB-B212-15A94801F09B}.Release|x64.ActiveCfg = Release|iPhoneSimulator
		{2ED263C0-FAA0-4CAB-B212-15A94801F09B}.Release|x86.ActiveCfg = Release|iPhoneSimulator
		{8E435CF3-C669-41BF-9768-7A40EBD21CC5}.Ad-Hoc|Android.ActiveCfg = Release|Any CPU
		{8E435CF3-C669-41BF-9768-7A40EBD21CC5}.Ad-Hoc|Android.Build.0 = Release|Any CPU
		{8E435CF3-C669-41BF-9768-7A40EBD21CC5}.Ad-Hoc|ARM.ActiveCfg = Debug|Any CPU
		{8E435CF3-C669-41BF-9768-7A40EBD21CC5}.Ad-Hoc|DotNet.ActiveCfg = Release|Any CPU
		{8E435CF3-C669-41BF-9768-7A40EBD21CC5}.Ad-Hoc|DotNet.Build.0 = Release|Any CPU
		{8E435CF3-C669-41BF-9768-7A40EBD21CC5}.Ad-Hoc|iPhone.ActiveCfg = Release|Any CPU
		{8E435CF3-C669-41BF-9768-7A40EBD21CC5}.Ad-Hoc|iPhoneSimulator.ActiveCfg = Release|Any CPU
		{8E435CF3-C669-41BF-9768-7A40EBD21CC5}.Ad-Hoc|Mixed Platforms.ActiveCfg = Release|Any CPU
		{8E435CF3-C669-41BF-9768-7A40EBD21CC5}.Ad-Hoc|Mixed Platforms.Build.0 = Release|Any CPU
		{8E435CF3-C669-41BF-9768-7A40EBD21CC5}.Ad-Hoc|x64.ActiveCfg = Debug|Any CPU
		{8E435CF3-C669-41BF-9768-7A40EBD21CC5}.Ad-Hoc|x86.ActiveCfg = Debug|Any CPU
		{8E435CF3-C669-41BF-9768-7A40EBD21CC5}.AppStore|Android.ActiveCfg = Release|Any CPU
		{8E435CF3-C669-41BF-9768-7A40EBD21CC5}.AppStore|Android.Build.0 = Release|Any CPU
		{8E435CF3-C669-41BF-9768-7A40EBD21CC5}.AppStore|ARM.ActiveCfg = Debug|Any CPU
		{8E435CF3-C669-41BF-9768-7A40EBD21CC5}.AppStore|DotNet.ActiveCfg = Release|Any CPU
		{8E435CF3-C669-41BF-9768-7A40EBD21CC5}.AppStore|DotNet.Build.0 = Release|Any CPU
		{8E435CF3-C669-41BF-9768-7A40EBD21CC5}.AppStore|iPhone.ActiveCfg = Release|Any CPU
		{8E435CF3-C669-41BF-9768-7A40EBD21CC5}.AppStore|iPhoneSimulator.ActiveCfg = Release|Any CPU
		{8E435CF3-C669-41BF-9768-7A40EBD21CC5}.AppStore|Mixed Platforms.ActiveCfg = Release|Any CPU
		{8E435CF3-C669-41BF-9768-7A40EBD21CC5}.AppStore|Mixed Platforms.Build.0 = Release|Any CPU
		{8E435CF3-C669-41BF-9768-7A40EBD21CC5}.AppStore|x64.ActiveCfg = Debug|Any CPU
		{8E435CF3-C669-41BF-9768-7A40EBD21CC5}.AppStore|x86.ActiveCfg = Debug|Any CPU
		{8E435CF3-C669-41BF-9768-7A40EBD21CC5}.Debug|Android.ActiveCfg = Debug|Any CPU
		{8E435CF3-C669-41BF-9768-7A40EBD21CC5}.Debug|ARM.ActiveCfg = Debug|Any CPU
		{8E435CF3-C669-41BF-9768-7A40EBD21CC5}.Debug|DotNet.ActiveCfg = Debug|Any CPU
		{8E435CF3-C669-41BF-9768-7A40EBD21CC5}.Debug|DotNet.Build.0 = Debug|Any CPU
		{8E435CF3-C669-41BF-9768-7A40EBD21CC5}.Debug|iPhone.ActiveCfg = Debug|Any CPU
		{8E435CF3-C669-41BF-9768-7A40EBD21CC5}.Debug|iPhone.Build.0 = Debug|Any CPU
		{8E435CF3-C669-41BF-9768-7A40EBD21CC5}.Debug|iPhoneSimulator.ActiveCfg = Debug|Any CPU
		{8E435CF3-C669-41BF-9768-7A40EBD21CC5}.Debug|Mixed Platforms.ActiveCfg = Debug|Any CPU
		{8E435CF3-C669-41BF-9768-7A40EBD21CC5}.Debug|Mixed Platforms.Build.0 = Debug|Any CPU
		{8E435CF3-C669-41BF-9768-7A40EBD21CC5}.Debug|x64.ActiveCfg = Debug|Any CPU
		{8E435CF3-C669-41BF-9768-7A40EBD21CC5}.Debug|x86.ActiveCfg = Debug|Any CPU
		{8E435CF3-C669-41BF-9768-7A40EBD21CC5}.Release|Android.ActiveCfg = Release|Any CPU
		{8E435CF3-C669-41BF-9768-7A40EBD21CC5}.Release|Android.Build.0 = Release|Any CPU
		{8E435CF3-C669-41BF-9768-7A40EBD21CC5}.Release|ARM.ActiveCfg = Release|Any CPU
		{8E435CF3-C669-41BF-9768-7A40EBD21CC5}.Release|DotNet.ActiveCfg = Release|Any CPU
		{8E435CF3-C669-41BF-9768-7A40EBD21CC5}.Release|DotNet.Build.0 = Release|Any CPU
		{8E435CF3-C669-41BF-9768-7A40EBD21CC5}.Release|iPhone.ActiveCfg = Release|Any CPU
		{8E435CF3-C669-41BF-9768-7A40EBD21CC5}.Release|iPhoneSimulator.ActiveCfg = Release|Any CPU
		{8E435CF3-C669-41BF-9768-7A40EBD21CC5}.Release|Mixed Platforms.ActiveCfg = Release|Any CPU
		{8E435CF3-C669-41BF-9768-7A40EBD21CC5}.Release|Mixed Platforms.Build.0 = Release|Any CPU
		{8E435CF3-C669-41BF-9768-7A40EBD21CC5}.Release|x64.ActiveCfg = Release|Any CPU
		{8E435CF3-C669-41BF-9768-7A40EBD21CC5}.Release|x86.ActiveCfg = Release|Any CPU
		{D8259A30-0714-4160-89AF-0C644551DF3B}.Ad-Hoc|Android.ActiveCfg = Release|Any CPU
		{D8259A30-0714-4160-89AF-0C644551DF3B}.Ad-Hoc|Android.Build.0 = Release|Any CPU
		{D8259A30-0714-4160-89AF-0C644551DF3B}.Ad-Hoc|ARM.ActiveCfg = Debug|Any CPU
		{D8259A30-0714-4160-89AF-0C644551DF3B}.Ad-Hoc|DotNet.ActiveCfg = Release|Any CPU
		{D8259A30-0714-4160-89AF-0C644551DF3B}.Ad-Hoc|DotNet.Build.0 = Release|Any CPU
		{D8259A30-0714-4160-89AF-0C644551DF3B}.Ad-Hoc|iPhone.ActiveCfg = Release|Any CPU
		{D8259A30-0714-4160-89AF-0C644551DF3B}.Ad-Hoc|iPhoneSimulator.ActiveCfg = Release|Any CPU
		{D8259A30-0714-4160-89AF-0C644551DF3B}.Ad-Hoc|Mixed Platforms.ActiveCfg = Release|Any CPU
		{D8259A30-0714-4160-89AF-0C644551DF3B}.Ad-Hoc|Mixed Platforms.Build.0 = Release|Any CPU
		{D8259A30-0714-4160-89AF-0C644551DF3B}.Ad-Hoc|x64.ActiveCfg = Debug|Any CPU
		{D8259A30-0714-4160-89AF-0C644551DF3B}.Ad-Hoc|x86.ActiveCfg = Debug|Any CPU
		{D8259A30-0714-4160-89AF-0C644551DF3B}.AppStore|Android.ActiveCfg = Release|Any CPU
		{D8259A30-0714-4160-89AF-0C644551DF3B}.AppStore|Android.Build.0 = Release|Any CPU
		{D8259A30-0714-4160-89AF-0C644551DF3B}.AppStore|ARM.ActiveCfg = Debug|Any CPU
		{D8259A30-0714-4160-89AF-0C644551DF3B}.AppStore|DotNet.ActiveCfg = Release|Any CPU
		{D8259A30-0714-4160-89AF-0C644551DF3B}.AppStore|DotNet.Build.0 = Release|Any CPU
		{D8259A30-0714-4160-89AF-0C644551DF3B}.AppStore|iPhone.ActiveCfg = Release|Any CPU
		{D8259A30-0714-4160-89AF-0C644551DF3B}.AppStore|iPhoneSimulator.ActiveCfg = Release|Any CPU
		{D8259A30-0714-4160-89AF-0C644551DF3B}.AppStore|Mixed Platforms.ActiveCfg = Release|Any CPU
		{D8259A30-0714-4160-89AF-0C644551DF3B}.AppStore|Mixed Platforms.Build.0 = Release|Any CPU
		{D8259A30-0714-4160-89AF-0C644551DF3B}.AppStore|x64.ActiveCfg = Debug|Any CPU
		{D8259A30-0714-4160-89AF-0C644551DF3B}.AppStore|x86.ActiveCfg = Debug|Any CPU
		{D8259A30-0714-4160-89AF-0C644551DF3B}.Debug|Android.ActiveCfg = Debug|Any CPU
		{D8259A30-0714-4160-89AF-0C644551DF3B}.Debug|Android.Build.0 = Debug|Any CPU
		{D8259A30-0714-4160-89AF-0C644551DF3B}.Debug|ARM.ActiveCfg = Debug|Any CPU
		{D8259A30-0714-4160-89AF-0C644551DF3B}.Debug|DotNet.ActiveCfg = Debug|Any CPU
		{D8259A30-0714-4160-89AF-0C644551DF3B}.Debug|DotNet.Build.0 = Debug|Any CPU
		{D8259A30-0714-4160-89AF-0C644551DF3B}.Debug|iPhone.ActiveCfg = Debug|Any CPU
		{D8259A30-0714-4160-89AF-0C644551DF3B}.Debug|iPhone.Build.0 = Debug|Any CPU
		{D8259A30-0714-4160-89AF-0C644551DF3B}.Debug|iPhoneSimulator.ActiveCfg = Debug|Any CPU
		{D8259A30-0714-4160-89AF-0C644551DF3B}.Debug|Mixed Platforms.ActiveCfg = Debug|Any CPU
		{D8259A30-0714-4160-89AF-0C644551DF3B}.Debug|Mixed Platforms.Build.0 = Debug|Any CPU
		{D8259A30-0714-4160-89AF-0C644551DF3B}.Debug|x64.ActiveCfg = Debug|Any CPU
		{D8259A30-0714-4160-89AF-0C644551DF3B}.Debug|x86.ActiveCfg = Debug|Any CPU
		{D8259A30-0714-4160-89AF-0C644551DF3B}.Release|Android.ActiveCfg = Release|Any CPU
		{D8259A30-0714-4160-89AF-0C644551DF3B}.Release|Android.Build.0 = Release|Any CPU
		{D8259A30-0714-4160-89AF-0C644551DF3B}.Release|ARM.ActiveCfg = Release|Any CPU
		{D8259A30-0714-4160-89AF-0C644551DF3B}.Release|DotNet.ActiveCfg = Release|Any CPU
		{D8259A30-0714-4160-89AF-0C644551DF3B}.Release|DotNet.Build.0 = Release|Any CPU
		{D8259A30-0714-4160-89AF-0C644551DF3B}.Release|iPhone.ActiveCfg = Release|Any CPU
		{D8259A30-0714-4160-89AF-0C644551DF3B}.Release|iPhoneSimulator.ActiveCfg = Release|Any CPU
		{D8259A30-0714-4160-89AF-0C644551DF3B}.Release|Mixed Platforms.ActiveCfg = Release|Any CPU
		{D8259A30-0714-4160-89AF-0C644551DF3B}.Release|Mixed Platforms.Build.0 = Release|Any CPU
		{D8259A30-0714-4160-89AF-0C644551DF3B}.Release|x64.ActiveCfg = Release|Any CPU
		{D8259A30-0714-4160-89AF-0C644551DF3B}.Release|x86.ActiveCfg = Release|Any CPU
		{82348188-6DDB-4AB7-8DE5-E7D5A33975E1}.Ad-Hoc|Android.ActiveCfg = Release|Any CPU
		{82348188-6DDB-4AB7-8DE5-E7D5A33975E1}.Ad-Hoc|ARM.ActiveCfg = Release|ARM
		{82348188-6DDB-4AB7-8DE5-E7D5A33975E1}.Ad-Hoc|ARM.Build.0 = Release|ARM
		{82348188-6DDB-4AB7-8DE5-E7D5A33975E1}.Ad-Hoc|DotNet.ActiveCfg = Release|Any CPU
		{82348188-6DDB-4AB7-8DE5-E7D5A33975E1}.Ad-Hoc|DotNet.Build.0 = Release|Any CPU
		{82348188-6DDB-4AB7-8DE5-E7D5A33975E1}.Ad-Hoc|iPhone.ActiveCfg = Release|Any CPU
		{82348188-6DDB-4AB7-8DE5-E7D5A33975E1}.Ad-Hoc|iPhoneSimulator.ActiveCfg = Release|Any CPU
		{82348188-6DDB-4AB7-8DE5-E7D5A33975E1}.Ad-Hoc|Mixed Platforms.ActiveCfg = Release|x86
		{82348188-6DDB-4AB7-8DE5-E7D5A33975E1}.Ad-Hoc|Mixed Platforms.Build.0 = Release|x86
		{82348188-6DDB-4AB7-8DE5-E7D5A33975E1}.Ad-Hoc|x64.ActiveCfg = Release|Any CPU
		{82348188-6DDB-4AB7-8DE5-E7D5A33975E1}.Ad-Hoc|x86.ActiveCfg = Release|x86
		{82348188-6DDB-4AB7-8DE5-E7D5A33975E1}.Ad-Hoc|x86.Build.0 = Release|x86
		{82348188-6DDB-4AB7-8DE5-E7D5A33975E1}.AppStore|Android.ActiveCfg = Release|Any CPU
		{82348188-6DDB-4AB7-8DE5-E7D5A33975E1}.AppStore|ARM.ActiveCfg = Release|ARM
		{82348188-6DDB-4AB7-8DE5-E7D5A33975E1}.AppStore|ARM.Build.0 = Release|ARM
		{82348188-6DDB-4AB7-8DE5-E7D5A33975E1}.AppStore|DotNet.ActiveCfg = Release|Any CPU
		{82348188-6DDB-4AB7-8DE5-E7D5A33975E1}.AppStore|DotNet.Build.0 = Release|Any CPU
		{82348188-6DDB-4AB7-8DE5-E7D5A33975E1}.AppStore|iPhone.ActiveCfg = Release|Any CPU
		{82348188-6DDB-4AB7-8DE5-E7D5A33975E1}.AppStore|iPhoneSimulator.ActiveCfg = Release|Any CPU
		{82348188-6DDB-4AB7-8DE5-E7D5A33975E1}.AppStore|Mixed Platforms.ActiveCfg = Release|x86
		{82348188-6DDB-4AB7-8DE5-E7D5A33975E1}.AppStore|Mixed Platforms.Build.0 = Release|x86
		{82348188-6DDB-4AB7-8DE5-E7D5A33975E1}.AppStore|x64.ActiveCfg = Release|Any CPU
		{82348188-6DDB-4AB7-8DE5-E7D5A33975E1}.AppStore|x86.ActiveCfg = Release|x86
		{82348188-6DDB-4AB7-8DE5-E7D5A33975E1}.AppStore|x86.Build.0 = Release|x86
		{82348188-6DDB-4AB7-8DE5-E7D5A33975E1}.Debug|Android.ActiveCfg = Debug|Any CPU
		{82348188-6DDB-4AB7-8DE5-E7D5A33975E1}.Debug|ARM.ActiveCfg = Debug|ARM
		{82348188-6DDB-4AB7-8DE5-E7D5A33975E1}.Debug|ARM.Build.0 = Debug|ARM
		{82348188-6DDB-4AB7-8DE5-E7D5A33975E1}.Debug|DotNet.ActiveCfg = Debug|Any CPU
		{82348188-6DDB-4AB7-8DE5-E7D5A33975E1}.Debug|iPhone.ActiveCfg = Debug|Any CPU
		{82348188-6DDB-4AB7-8DE5-E7D5A33975E1}.Debug|iPhoneSimulator.ActiveCfg = Debug|Any CPU
		{82348188-6DDB-4AB7-8DE5-E7D5A33975E1}.Debug|Mixed Platforms.ActiveCfg = Debug|x86
		{82348188-6DDB-4AB7-8DE5-E7D5A33975E1}.Debug|Mixed Platforms.Build.0 = Debug|x86
		{82348188-6DDB-4AB7-8DE5-E7D5A33975E1}.Debug|x64.ActiveCfg = Debug|Any CPU
		{82348188-6DDB-4AB7-8DE5-E7D5A33975E1}.Debug|x86.ActiveCfg = Debug|x86
		{82348188-6DDB-4AB7-8DE5-E7D5A33975E1}.Debug|x86.Build.0 = Debug|x86
		{82348188-6DDB-4AB7-8DE5-E7D5A33975E1}.Release|Android.ActiveCfg = Release|Any CPU
		{82348188-6DDB-4AB7-8DE5-E7D5A33975E1}.Release|ARM.ActiveCfg = Release|ARM
		{82348188-6DDB-4AB7-8DE5-E7D5A33975E1}.Release|ARM.Build.0 = Release|ARM
		{82348188-6DDB-4AB7-8DE5-E7D5A33975E1}.Release|DotNet.ActiveCfg = Release|Any CPU
		{82348188-6DDB-4AB7-8DE5-E7D5A33975E1}.Release|DotNet.Build.0 = Release|Any CPU
		{82348188-6DDB-4AB7-8DE5-E7D5A33975E1}.Release|iPhone.ActiveCfg = Release|Any CPU
		{82348188-6DDB-4AB7-8DE5-E7D5A33975E1}.Release|iPhoneSimulator.ActiveCfg = Release|Any CPU
		{82348188-6DDB-4AB7-8DE5-E7D5A33975E1}.Release|Mixed Platforms.ActiveCfg = Release|x86
		{82348188-6DDB-4AB7-8DE5-E7D5A33975E1}.Release|Mixed Platforms.Build.0 = Release|x86
		{82348188-6DDB-4AB7-8DE5-E7D5A33975E1}.Release|x64.ActiveCfg = Release|Any CPU
		{82348188-6DDB-4AB7-8DE5-E7D5A33975E1}.Release|x86.ActiveCfg = Release|x86
		{82348188-6DDB-4AB7-8DE5-E7D5A33975E1}.Release|x86.Build.0 = Release|x86
		{35F0412D-049B-4660-8CFF-798833084D68}.Ad-Hoc|Android.ActiveCfg = Release|Any CPU
		{35F0412D-049B-4660-8CFF-798833084D68}.Ad-Hoc|ARM.ActiveCfg = Release|ARM
		{35F0412D-049B-4660-8CFF-798833084D68}.Ad-Hoc|ARM.Build.0 = Release|ARM
		{35F0412D-049B-4660-8CFF-798833084D68}.Ad-Hoc|DotNet.ActiveCfg = Release|Any CPU
		{35F0412D-049B-4660-8CFF-798833084D68}.Ad-Hoc|DotNet.Build.0 = Release|Any CPU
		{35F0412D-049B-4660-8CFF-798833084D68}.Ad-Hoc|iPhone.ActiveCfg = Release|Any CPU
		{35F0412D-049B-4660-8CFF-798833084D68}.Ad-Hoc|iPhoneSimulator.ActiveCfg = Release|Any CPU
		{35F0412D-049B-4660-8CFF-798833084D68}.Ad-Hoc|Mixed Platforms.ActiveCfg = Release|x86
		{35F0412D-049B-4660-8CFF-798833084D68}.Ad-Hoc|Mixed Platforms.Build.0 = Release|x86
		{35F0412D-049B-4660-8CFF-798833084D68}.Ad-Hoc|x64.ActiveCfg = Release|x64
		{35F0412D-049B-4660-8CFF-798833084D68}.Ad-Hoc|x64.Build.0 = Release|x64
		{35F0412D-049B-4660-8CFF-798833084D68}.Ad-Hoc|x86.ActiveCfg = Release|x86
		{35F0412D-049B-4660-8CFF-798833084D68}.Ad-Hoc|x86.Build.0 = Release|x86
		{35F0412D-049B-4660-8CFF-798833084D68}.AppStore|Android.ActiveCfg = Release|Any CPU
		{35F0412D-049B-4660-8CFF-798833084D68}.AppStore|ARM.ActiveCfg = Release|ARM
		{35F0412D-049B-4660-8CFF-798833084D68}.AppStore|ARM.Build.0 = Release|ARM
		{35F0412D-049B-4660-8CFF-798833084D68}.AppStore|DotNet.ActiveCfg = Release|Any CPU
		{35F0412D-049B-4660-8CFF-798833084D68}.AppStore|DotNet.Build.0 = Release|Any CPU
		{35F0412D-049B-4660-8CFF-798833084D68}.AppStore|iPhone.ActiveCfg = Release|Any CPU
		{35F0412D-049B-4660-8CFF-798833084D68}.AppStore|iPhoneSimulator.ActiveCfg = Release|Any CPU
		{35F0412D-049B-4660-8CFF-798833084D68}.AppStore|Mixed Platforms.ActiveCfg = Release|x86
		{35F0412D-049B-4660-8CFF-798833084D68}.AppStore|Mixed Platforms.Build.0 = Release|x86
		{35F0412D-049B-4660-8CFF-798833084D68}.AppStore|x64.ActiveCfg = Release|x64
		{35F0412D-049B-4660-8CFF-798833084D68}.AppStore|x64.Build.0 = Release|x64
		{35F0412D-049B-4660-8CFF-798833084D68}.AppStore|x86.ActiveCfg = Release|x86
		{35F0412D-049B-4660-8CFF-798833084D68}.AppStore|x86.Build.0 = Release|x86
		{35F0412D-049B-4660-8CFF-798833084D68}.Debug|Android.ActiveCfg = Debug|Any CPU
		{35F0412D-049B-4660-8CFF-798833084D68}.Debug|ARM.ActiveCfg = Debug|ARM
		{35F0412D-049B-4660-8CFF-798833084D68}.Debug|ARM.Build.0 = Debug|ARM
		{35F0412D-049B-4660-8CFF-798833084D68}.Debug|DotNet.ActiveCfg = Debug|Any CPU
		{35F0412D-049B-4660-8CFF-798833084D68}.Debug|iPhone.ActiveCfg = Debug|Any CPU
		{35F0412D-049B-4660-8CFF-798833084D68}.Debug|iPhoneSimulator.ActiveCfg = Debug|Any CPU
		{35F0412D-049B-4660-8CFF-798833084D68}.Debug|Mixed Platforms.ActiveCfg = Debug|x86
		{35F0412D-049B-4660-8CFF-798833084D68}.Debug|Mixed Platforms.Build.0 = Debug|x86
		{35F0412D-049B-4660-8CFF-798833084D68}.Debug|x64.ActiveCfg = Debug|x64
		{35F0412D-049B-4660-8CFF-798833084D68}.Debug|x64.Build.0 = Debug|x64
		{35F0412D-049B-4660-8CFF-798833084D68}.Debug|x86.ActiveCfg = Debug|x86
		{35F0412D-049B-4660-8CFF-798833084D68}.Debug|x86.Build.0 = Debug|x86
		{35F0412D-049B-4660-8CFF-798833084D68}.Release|Android.ActiveCfg = Release|Any CPU
		{35F0412D-049B-4660-8CFF-798833084D68}.Release|ARM.ActiveCfg = Release|ARM
		{35F0412D-049B-4660-8CFF-798833084D68}.Release|ARM.Build.0 = Release|ARM
		{35F0412D-049B-4660-8CFF-798833084D68}.Release|DotNet.ActiveCfg = Release|Any CPU
		{35F0412D-049B-4660-8CFF-798833084D68}.Release|DotNet.Build.0 = Release|Any CPU
		{35F0412D-049B-4660-8CFF-798833084D68}.Release|iPhone.ActiveCfg = Release|Any CPU
		{35F0412D-049B-4660-8CFF-798833084D68}.Release|iPhoneSimulator.ActiveCfg = Release|Any CPU
		{35F0412D-049B-4660-8CFF-798833084D68}.Release|Mixed Platforms.ActiveCfg = Release|x86
		{35F0412D-049B-4660-8CFF-798833084D68}.Release|Mixed Platforms.Build.0 = Release|x86
		{35F0412D-049B-4660-8CFF-798833084D68}.Release|x64.ActiveCfg = Release|x64
		{35F0412D-049B-4660-8CFF-798833084D68}.Release|x64.Build.0 = Release|x64
		{35F0412D-049B-4660-8CFF-798833084D68}.Release|x86.ActiveCfg = Release|x86
		{35F0412D-049B-4660-8CFF-798833084D68}.Release|x86.Build.0 = Release|x86
		{060349AB-8F2C-4AB3-BA04-91BA5013B2A7}.Ad-Hoc|Android.ActiveCfg = Release|Any CPU
		{060349AB-8F2C-4AB3-BA04-91BA5013B2A7}.Ad-Hoc|ARM.ActiveCfg = Release|ARM
		{060349AB-8F2C-4AB3-BA04-91BA5013B2A7}.Ad-Hoc|ARM.Build.0 = Release|ARM
		{060349AB-8F2C-4AB3-BA04-91BA5013B2A7}.Ad-Hoc|ARM.Deploy.0 = Release|ARM
		{060349AB-8F2C-4AB3-BA04-91BA5013B2A7}.Ad-Hoc|DotNet.ActiveCfg = Release|Any CPU
		{060349AB-8F2C-4AB3-BA04-91BA5013B2A7}.Ad-Hoc|DotNet.Build.0 = Release|Any CPU
		{060349AB-8F2C-4AB3-BA04-91BA5013B2A7}.Ad-Hoc|DotNet.Deploy.0 = Release|Any CPU
		{060349AB-8F2C-4AB3-BA04-91BA5013B2A7}.Ad-Hoc|iPhone.ActiveCfg = Release|Any CPU
		{060349AB-8F2C-4AB3-BA04-91BA5013B2A7}.Ad-Hoc|iPhoneSimulator.ActiveCfg = Release|Any CPU
		{060349AB-8F2C-4AB3-BA04-91BA5013B2A7}.Ad-Hoc|Mixed Platforms.ActiveCfg = Release|x86
		{060349AB-8F2C-4AB3-BA04-91BA5013B2A7}.Ad-Hoc|Mixed Platforms.Build.0 = Release|x86
		{060349AB-8F2C-4AB3-BA04-91BA5013B2A7}.Ad-Hoc|Mixed Platforms.Deploy.0 = Release|x86
		{060349AB-8F2C-4AB3-BA04-91BA5013B2A7}.Ad-Hoc|x64.ActiveCfg = Release|x64
		{060349AB-8F2C-4AB3-BA04-91BA5013B2A7}.Ad-Hoc|x64.Build.0 = Release|x64
		{060349AB-8F2C-4AB3-BA04-91BA5013B2A7}.Ad-Hoc|x64.Deploy.0 = Release|x64
		{060349AB-8F2C-4AB3-BA04-91BA5013B2A7}.Ad-Hoc|x86.ActiveCfg = Release|x86
		{060349AB-8F2C-4AB3-BA04-91BA5013B2A7}.Ad-Hoc|x86.Build.0 = Release|x86
		{060349AB-8F2C-4AB3-BA04-91BA5013B2A7}.Ad-Hoc|x86.Deploy.0 = Release|x86
		{060349AB-8F2C-4AB3-BA04-91BA5013B2A7}.AppStore|Android.ActiveCfg = Release|Any CPU
		{060349AB-8F2C-4AB3-BA04-91BA5013B2A7}.AppStore|ARM.ActiveCfg = Release|ARM
		{060349AB-8F2C-4AB3-BA04-91BA5013B2A7}.AppStore|ARM.Build.0 = Release|ARM
		{060349AB-8F2C-4AB3-BA04-91BA5013B2A7}.AppStore|ARM.Deploy.0 = Release|ARM
		{060349AB-8F2C-4AB3-BA04-91BA5013B2A7}.AppStore|DotNet.ActiveCfg = Release|Any CPU
		{060349AB-8F2C-4AB3-BA04-91BA5013B2A7}.AppStore|DotNet.Build.0 = Release|Any CPU
		{060349AB-8F2C-4AB3-BA04-91BA5013B2A7}.AppStore|DotNet.Deploy.0 = Release|Any CPU
		{060349AB-8F2C-4AB3-BA04-91BA5013B2A7}.AppStore|iPhone.ActiveCfg = Release|Any CPU
		{060349AB-8F2C-4AB3-BA04-91BA5013B2A7}.AppStore|iPhoneSimulator.ActiveCfg = Release|Any CPU
		{060349AB-8F2C-4AB3-BA04-91BA5013B2A7}.AppStore|Mixed Platforms.ActiveCfg = Release|x86
		{060349AB-8F2C-4AB3-BA04-91BA5013B2A7}.AppStore|Mixed Platforms.Build.0 = Release|x86
		{060349AB-8F2C-4AB3-BA04-91BA5013B2A7}.AppStore|Mixed Platforms.Deploy.0 = Release|x86
		{060349AB-8F2C-4AB3-BA04-91BA5013B2A7}.AppStore|x64.ActiveCfg = Release|x64
		{060349AB-8F2C-4AB3-BA04-91BA5013B2A7}.AppStore|x64.Build.0 = Release|x64
		{060349AB-8F2C-4AB3-BA04-91BA5013B2A7}.AppStore|x64.Deploy.0 = Release|x64
		{060349AB-8F2C-4AB3-BA04-91BA5013B2A7}.AppStore|x86.ActiveCfg = Release|x86
		{060349AB-8F2C-4AB3-BA04-91BA5013B2A7}.AppStore|x86.Build.0 = Release|x86
		{060349AB-8F2C-4AB3-BA04-91BA5013B2A7}.AppStore|x86.Deploy.0 = Release|x86
		{060349AB-8F2C-4AB3-BA04-91BA5013B2A7}.Debug|Android.ActiveCfg = Debug|Any CPU
		{060349AB-8F2C-4AB3-BA04-91BA5013B2A7}.Debug|ARM.ActiveCfg = Debug|ARM
		{060349AB-8F2C-4AB3-BA04-91BA5013B2A7}.Debug|ARM.Build.0 = Debug|ARM
		{060349AB-8F2C-4AB3-BA04-91BA5013B2A7}.Debug|ARM.Deploy.0 = Debug|ARM
		{060349AB-8F2C-4AB3-BA04-91BA5013B2A7}.Debug|DotNet.ActiveCfg = Debug|Any CPU
		{060349AB-8F2C-4AB3-BA04-91BA5013B2A7}.Debug|iPhone.ActiveCfg = Debug|Any CPU
		{060349AB-8F2C-4AB3-BA04-91BA5013B2A7}.Debug|iPhoneSimulator.ActiveCfg = Debug|Any CPU
		{060349AB-8F2C-4AB3-BA04-91BA5013B2A7}.Debug|Mixed Platforms.ActiveCfg = Debug|x86
		{060349AB-8F2C-4AB3-BA04-91BA5013B2A7}.Debug|Mixed Platforms.Build.0 = Debug|x86
		{060349AB-8F2C-4AB3-BA04-91BA5013B2A7}.Debug|Mixed Platforms.Deploy.0 = Debug|x86
		{060349AB-8F2C-4AB3-BA04-91BA5013B2A7}.Debug|x64.ActiveCfg = Debug|x64
		{060349AB-8F2C-4AB3-BA04-91BA5013B2A7}.Debug|x64.Build.0 = Debug|x64
		{060349AB-8F2C-4AB3-BA04-91BA5013B2A7}.Debug|x64.Deploy.0 = Debug|x64
		{060349AB-8F2C-4AB3-BA04-91BA5013B2A7}.Debug|x86.ActiveCfg = Debug|x86
		{060349AB-8F2C-4AB3-BA04-91BA5013B2A7}.Debug|x86.Build.0 = Debug|x86
		{060349AB-8F2C-4AB3-BA04-91BA5013B2A7}.Debug|x86.Deploy.0 = Debug|x86
		{060349AB-8F2C-4AB3-BA04-91BA5013B2A7}.Release|Android.ActiveCfg = Release|Any CPU
		{060349AB-8F2C-4AB3-BA04-91BA5013B2A7}.Release|ARM.ActiveCfg = Release|ARM
		{060349AB-8F2C-4AB3-BA04-91BA5013B2A7}.Release|ARM.Build.0 = Release|ARM
		{060349AB-8F2C-4AB3-BA04-91BA5013B2A7}.Release|ARM.Deploy.0 = Release|ARM
		{060349AB-8F2C-4AB3-BA04-91BA5013B2A7}.Release|DotNet.ActiveCfg = Release|Any CPU
		{060349AB-8F2C-4AB3-BA04-91BA5013B2A7}.Release|DotNet.Build.0 = Release|Any CPU
		{060349AB-8F2C-4AB3-BA04-91BA5013B2A7}.Release|DotNet.Deploy.0 = Release|Any CPU
		{060349AB-8F2C-4AB3-BA04-91BA5013B2A7}.Release|iPhone.ActiveCfg = Release|Any CPU
		{060349AB-8F2C-4AB3-BA04-91BA5013B2A7}.Release|iPhoneSimulator.ActiveCfg = Release|Any CPU
		{060349AB-8F2C-4AB3-BA04-91BA5013B2A7}.Release|Mixed Platforms.ActiveCfg = Release|x86
		{060349AB-8F2C-4AB3-BA04-91BA5013B2A7}.Release|Mixed Platforms.Build.0 = Release|x86
		{060349AB-8F2C-4AB3-BA04-91BA5013B2A7}.Release|Mixed Platforms.Deploy.0 = Release|x86
		{060349AB-8F2C-4AB3-BA04-91BA5013B2A7}.Release|x64.ActiveCfg = Release|x64
		{060349AB-8F2C-4AB3-BA04-91BA5013B2A7}.Release|x64.Build.0 = Release|x64
		{060349AB-8F2C-4AB3-BA04-91BA5013B2A7}.Release|x64.Deploy.0 = Release|x64
		{060349AB-8F2C-4AB3-BA04-91BA5013B2A7}.Release|x86.ActiveCfg = Release|x86
		{060349AB-8F2C-4AB3-BA04-91BA5013B2A7}.Release|x86.Build.0 = Release|x86
		{060349AB-8F2C-4AB3-BA04-91BA5013B2A7}.Release|x86.Deploy.0 = Release|x86
	EndGlobalSection
	GlobalSection(SolutionProperties) = preSolution
		HideSolutionNode = FALSE
	EndGlobalSection
	GlobalSection(NestedProjects) = preSolution
		{D59E8B57-9EC9-46FC-9E74-02FD6F2AA6FD} = {BCFB0D4C-CAEB-4FDF-B354-446CEDC38A3F}
		{11A2EFE5-5E9E-41A1-B3D4-CD6665BD5D96} = {BCFB0D4C-CAEB-4FDF-B354-446CEDC38A3F}
		{FE4491D7-0609-4D6F-957B-9DDA3FA03D9F} = {BCFB0D4C-CAEB-4FDF-B354-446CEDC38A3F}
		{7AEE1826-7F7B-4F1A-B779-D80DD2E9E1B3} = {E72125D5-EA48-4E8D-B252-B1D78E7BC79B}
		{2ED263C0-FAA0-4CAB-B212-15A94801F09B} = {E72125D5-EA48-4E8D-B252-B1D78E7BC79B}
		{8E435CF3-C669-41BF-9768-7A40EBD21CC5} = {E72125D5-EA48-4E8D-B252-B1D78E7BC79B}
		{82348188-6DDB-4AB7-8DE5-E7D5A33975E1} = {BCFB0D4C-CAEB-4FDF-B354-446CEDC38A3F}
		{35F0412D-049B-4660-8CFF-798833084D68} = {BCFB0D4C-CAEB-4FDF-B354-446CEDC38A3F}
		{060349AB-8F2C-4AB3-BA04-91BA5013B2A7} = {E72125D5-EA48-4E8D-B252-B1D78E7BC79B}
	EndGlobalSection
EndGlobal
