
Microsoft Visual Studio Solution File, Format Version 12.00
# Visual Studio 2013
VisualStudioVersion = 12.0.31101.0
MinimumVisualStudioVersion = 10.0.40219.1
Project("{FAE04EC0-301F-11D3-BF4B-00C04F79EFBC}") = "NGraphics.Net", "Platforms\NGraphics.Net\NGraphics.Net.csproj", "{D59E8B57-9EC9-46FC-9E74-02FD6F2AA6FD}"
EndProject
Project("{FAE04EC0-301F-11D3-BF4B-00C04F79EFBC}") = "NGraphics.iOS", "Platforms\NGraphics.iOS\NGraphics.iOS.csproj", "{11A2EFE5-5E9E-41A1-B3D4-CD6665BD5D96}"
EndProject
Project("{FAE04EC0-301F-11D3-BF4B-00C04F79EFBC}") = "NGraphics", "NGraphics\NGraphics.csproj", "{4EA643B9-84F6-4AD4-B89E-AE230A7461B8}"
EndProject
Project("{FAE04EC0-301F-11D3-BF4B-00C04F79EFBC}") = "NGraphics.Android", "Platforms\NGraphics.Android\NGraphics.Android.csproj", "{FE4491D7-0609-4D6F-957B-9DDA3FA03D9F}"
EndProject
Project("{2150E333-8FDC-42A3-9474-1A3956D46DE8}") = "Platforms", "Platforms", "{BCFB0D4C-CAEB-4FDF-B354-446CEDC38A3F}"
EndProject
Project("{2150E333-8FDC-42A3-9474-1A3956D46DE8}") = "Platforms.Tests", "Platforms.Tests", "{E72125D5-EA48-4E8D-B252-B1D78E7BC79B}"
EndProject
Project("{FAE04EC0-301F-11D3-BF4B-00C04F79EFBC}") = "NGraphics.Android.Test", "Tests\NGraphics.Android.Test\NGraphics.Android.Test.csproj", "{7AEE1826-7F7B-4F1A-B779-D80DD2E9E1B3}"
EndProject
Project("{FAE04EC0-301F-11D3-BF4B-00C04F79EFBC}") = "NGraphics.iOS.Test", "Tests\NGraphics.iOS.Test\NGraphics.iOS.Test.csproj", "{2ED263C0-FAA0-4CAB-B212-15A94801F09B}"
EndProject
Project("{FAE04EC0-301F-11D3-BF4B-00C04F79EFBC}") = "NGraphics.Net.Test", "Tests\NGraphics.Net.Test\NGraphics.Net.Test.csproj", "{8E435CF3-C669-41BF-9768-7A40EBD21CC5}"
EndProject
Project("{FAE04EC0-301F-11D3-BF4B-00C04F79EFBC}") = "NGraphics.Test", "Tests\NGraphics.Test\NGraphics.Test.csproj", "{D8259A30-0714-4160-89AF-0C644551DF3B}"
EndProject
Global
	GlobalSection(SolutionConfigurationPlatforms) = preSolution
		Ad-Hoc|Any CPU = Ad-Hoc|Any CPU
		Ad-Hoc|iPhone = Ad-Hoc|iPhone
		Ad-Hoc|iPhoneSimulator = Ad-Hoc|iPhoneSimulator
		Ad-Hoc|Mixed Platforms = Ad-Hoc|Mixed Platforms
		AppStore|Any CPU = AppStore|Any CPU
		AppStore|iPhone = AppStore|iPhone
		AppStore|iPhoneSimulator = AppStore|iPhoneSimulator
		AppStore|Mixed Platforms = AppStore|Mixed Platforms
		Debug|Any CPU = Debug|Any CPU
		Debug|iPhone = Debug|iPhone
		Debug|iPhoneSimulator = Debug|iPhoneSimulator
		Debug|Mixed Platforms = Debug|Mixed Platforms
		Release|Any CPU = Release|Any CPU
		Release|iPhone = Release|iPhone
		Release|iPhoneSimulator = Release|iPhoneSimulator
		Release|Mixed Platforms = Release|Mixed Platforms
	EndGlobalSection
	GlobalSection(ProjectConfigurationPlatforms) = postSolution
		{D59E8B57-9EC9-46FC-9E74-02FD6F2AA6FD}.Ad-Hoc|Any CPU.ActiveCfg = Release|Any CPU
		{D59E8B57-9EC9-46FC-9E74-02FD6F2AA6FD}.Ad-Hoc|Any CPU.Build.0 = Release|Any CPU
		{D59E8B57-9EC9-46FC-9E74-02FD6F2AA6FD}.Ad-Hoc|iPhone.ActiveCfg = Debug|Any CPU
		{D59E8B57-9EC9-46FC-9E74-02FD6F2AA6FD}.Ad-Hoc|iPhone.Build.0 = Debug|Any CPU
		{D59E8B57-9EC9-46FC-9E74-02FD6F2AA6FD}.Ad-Hoc|iPhoneSimulator.ActiveCfg = Release|Any CPU
		{D59E8B57-9EC9-46FC-9E74-02FD6F2AA6FD}.Ad-Hoc|Mixed Platforms.ActiveCfg = Release|Any CPU
		{D59E8B57-9EC9-46FC-9E74-02FD6F2AA6FD}.Ad-Hoc|Mixed Platforms.Build.0 = Release|Any CPU
		{D59E8B57-9EC9-46FC-9E74-02FD6F2AA6FD}.AppStore|Any CPU.ActiveCfg = Release|Any CPU
		{D59E8B57-9EC9-46FC-9E74-02FD6F2AA6FD}.AppStore|Any CPU.Build.0 = Release|Any CPU
		{D59E8B57-9EC9-46FC-9E74-02FD6F2AA6FD}.AppStore|iPhone.ActiveCfg = Debug|Any CPU
		{D59E8B57-9EC9-46FC-9E74-02FD6F2AA6FD}.AppStore|iPhone.Build.0 = Debug|Any CPU
		{D59E8B57-9EC9-46FC-9E74-02FD6F2AA6FD}.AppStore|iPhoneSimulator.ActiveCfg = Release|Any CPU
		{D59E8B57-9EC9-46FC-9E74-02FD6F2AA6FD}.AppStore|Mixed Platforms.ActiveCfg = Release|Any CPU
		{D59E8B57-9EC9-46FC-9E74-02FD6F2AA6FD}.AppStore|Mixed Platforms.Build.0 = Release|Any CPU
		{D59E8B57-9EC9-46FC-9E74-02FD6F2AA6FD}.Debug|Any CPU.ActiveCfg = Debug|Any CPU
		{D59E8B57-9EC9-46FC-9E74-02FD6F2AA6FD}.Debug|Any CPU.Build.0 = Debug|Any CPU
		{D59E8B57-9EC9-46FC-9E74-02FD6F2AA6FD}.Debug|iPhone.ActiveCfg = Debug|Any CPU
		{D59E8B57-9EC9-46FC-9E74-02FD6F2AA6FD}.Debug|iPhone.Build.0 = Debug|Any CPU
		{D59E8B57-9EC9-46FC-9E74-02FD6F2AA6FD}.Debug|iPhoneSimulator.ActiveCfg = Debug|Any CPU
		{D59E8B57-9EC9-46FC-9E74-02FD6F2AA6FD}.Debug|iPhoneSimulator.Build.0 = Debug|Any CPU
		{D59E8B57-9EC9-46FC-9E74-02FD6F2AA6FD}.Debug|Mixed Platforms.ActiveCfg = Debug|Any CPU
		{D59E8B57-9EC9-46FC-9E74-02FD6F2AA6FD}.Debug|Mixed Platforms.Build.0 = Debug|Any CPU
		{D59E8B57-9EC9-46FC-9E74-02FD6F2AA6FD}.Release|Any CPU.ActiveCfg = Release|Any CPU
		{D59E8B57-9EC9-46FC-9E74-02FD6F2AA6FD}.Release|Any CPU.Build.0 = Release|Any CPU
		{D59E8B57-9EC9-46FC-9E74-02FD6F2AA6FD}.Release|iPhone.ActiveCfg = Release|Any CPU
		{D59E8B57-9EC9-46FC-9E74-02FD6F2AA6FD}.Release|iPhone.Build.0 = Release|Any CPU
		{D59E8B57-9EC9-46FC-9E74-02FD6F2AA6FD}.Release|iPhoneSimulator.ActiveCfg = Release|Any CPU
		{D59E8B57-9EC9-46FC-9E74-02FD6F2AA6FD}.Release|iPhoneSimulator.Build.0 = Release|Any CPU
		{D59E8B57-9EC9-46FC-9E74-02FD6F2AA6FD}.Release|Mixed Platforms.ActiveCfg = Release|Any CPU
		{D59E8B57-9EC9-46FC-9E74-02FD6F2AA6FD}.Release|Mixed Platforms.Build.0 = Release|Any CPU
		{11A2EFE5-5E9E-41A1-B3D4-CD6665BD5D96}.Ad-Hoc|Any CPU.ActiveCfg = Release|Any CPU
		{11A2EFE5-5E9E-41A1-B3D4-CD6665BD5D96}.Ad-Hoc|Any CPU.Build.0 = Release|Any CPU
		{11A2EFE5-5E9E-41A1-B3D4-CD6665BD5D96}.Ad-Hoc|iPhone.ActiveCfg = Debug|Any CPU
		{11A2EFE5-5E9E-41A1-B3D4-CD6665BD5D96}.Ad-Hoc|iPhone.Build.0 = Debug|Any CPU
		{11A2EFE5-5E9E-41A1-B3D4-CD6665BD5D96}.Ad-Hoc|iPhoneSimulator.ActiveCfg = Release|Any CPU
		{11A2EFE5-5E9E-41A1-B3D4-CD6665BD5D96}.Ad-Hoc|Mixed Platforms.ActiveCfg = Release|Any CPU
		{11A2EFE5-5E9E-41A1-B3D4-CD6665BD5D96}.Ad-Hoc|Mixed Platforms.Build.0 = Release|Any CPU
		{11A2EFE5-5E9E-41A1-B3D4-CD6665BD5D96}.AppStore|Any CPU.ActiveCfg = Release|Any CPU
		{11A2EFE5-5E9E-41A1-B3D4-CD6665BD5D96}.AppStore|Any CPU.Build.0 = Release|Any CPU
		{11A2EFE5-5E9E-41A1-B3D4-CD6665BD5D96}.AppStore|iPhone.ActiveCfg = Debug|Any CPU
		{11A2EFE5-5E9E-41A1-B3D4-CD6665BD5D96}.AppStore|iPhone.Build.0 = Debug|Any CPU
		{11A2EFE5-5E9E-41A1-B3D4-CD6665BD5D96}.AppStore|iPhoneSimulator.ActiveCfg = Release|Any CPU
		{11A2EFE5-5E9E-41A1-B3D4-CD6665BD5D96}.AppStore|Mixed Platforms.ActiveCfg = Release|Any CPU
		{11A2EFE5-5E9E-41A1-B3D4-CD6665BD5D96}.AppStore|Mixed Platforms.Build.0 = Release|Any CPU
		{11A2EFE5-5E9E-41A1-B3D4-CD6665BD5D96}.Debug|Any CPU.ActiveCfg = Debug|Any CPU
		{11A2EFE5-5E9E-41A1-B3D4-CD6665BD5D96}.Debug|iPhone.ActiveCfg = Debug|Any CPU
		{11A2EFE5-5E9E-41A1-B3D4-CD6665BD5D96}.Debug|iPhoneSimulator.ActiveCfg = Debug|Any CPU
		{11A2EFE5-5E9E-41A1-B3D4-CD6665BD5D96}.Debug|iPhoneSimulator.Build.0 = Debug|Any CPU
		{11A2EFE5-5E9E-41A1-B3D4-CD6665BD5D96}.Debug|Mixed Platforms.ActiveCfg = Debug|Any CPU
		{11A2EFE5-5E9E-41A1-B3D4-CD6665BD5D96}.Debug|Mixed Platforms.Build.0 = Debug|Any CPU
		{11A2EFE5-5E9E-41A1-B3D4-CD6665BD5D96}.Release|Any CPU.ActiveCfg = Release|Any CPU
		{11A2EFE5-5E9E-41A1-B3D4-CD6665BD5D96}.Release|Any CPU.Build.0 = Release|Any CPU
		{11A2EFE5-5E9E-41A1-B3D4-CD6665BD5D96}.Release|iPhone.ActiveCfg = Release|Any CPU
		{11A2EFE5-5E9E-41A1-B3D4-CD6665BD5D96}.Release|iPhone.Build.0 = Release|Any CPU
		{11A2EFE5-5E9E-41A1-B3D4-CD6665BD5D96}.Release|iPhoneSimulator.ActiveCfg = Release|Any CPU
		{11A2EFE5-5E9E-41A1-B3D4-CD6665BD5D96}.Release|iPhoneSimulator.Build.0 = Release|Any CPU
		{11A2EFE5-5E9E-41A1-B3D4-CD6665BD5D96}.Release|Mixed Platforms.ActiveCfg = Release|Any CPU
		{11A2EFE5-5E9E-41A1-B3D4-CD6665BD5D96}.Release|Mixed Platforms.Build.0 = Release|Any CPU
		{4EA643B9-84F6-4AD4-B89E-AE230A7461B8}.Ad-Hoc|Any CPU.ActiveCfg = Debug|Any CPU
		{4EA643B9-84F6-4AD4-B89E-AE230A7461B8}.Ad-Hoc|Any CPU.Build.0 = Debug|Any CPU
		{4EA643B9-84F6-4AD4-B89E-AE230A7461B8}.Ad-Hoc|iPhone.ActiveCfg = Release|Any CPU
		{4EA643B9-84F6-4AD4-B89E-AE230A7461B8}.Ad-Hoc|iPhone.Build.0 = Release|Any CPU
		{4EA643B9-84F6-4AD4-B89E-AE230A7461B8}.Ad-Hoc|iPhoneSimulator.ActiveCfg = Debug|Any CPU
		{4EA643B9-84F6-4AD4-B89E-AE230A7461B8}.Ad-Hoc|Mixed Platforms.ActiveCfg = Debug|Any CPU
		{4EA643B9-84F6-4AD4-B89E-AE230A7461B8}.Ad-Hoc|Mixed Platforms.Build.0 = Debug|Any CPU
		{4EA643B9-84F6-4AD4-B89E-AE230A7461B8}.AppStore|Any CPU.ActiveCfg = Release|Any CPU
		{4EA643B9-84F6-4AD4-B89E-AE230A7461B8}.AppStore|Any CPU.Build.0 = Release|Any CPU
		{4EA643B9-84F6-4AD4-B89E-AE230A7461B8}.AppStore|iPhone.ActiveCfg = Release|Any CPU
		{4EA643B9-84F6-4AD4-B89E-AE230A7461B8}.AppStore|iPhone.Build.0 = Release|Any CPU
		{4EA643B9-84F6-4AD4-B89E-AE230A7461B8}.AppStore|iPhoneSimulator.ActiveCfg = Debug|Any CPU
		{4EA643B9-84F6-4AD4-B89E-AE230A7461B8}.AppStore|Mixed Platforms.ActiveCfg = Debug|Any CPU
		{4EA643B9-84F6-4AD4-B89E-AE230A7461B8}.AppStore|Mixed Platforms.Build.0 = Debug|Any CPU
		{4EA643B9-84F6-4AD4-B89E-AE230A7461B8}.Debug|Any CPU.ActiveCfg = Debug|Any CPU
		{4EA643B9-84F6-4AD4-B89E-AE230A7461B8}.Debug|Any CPU.Build.0 = Debug|Any CPU
		{4EA643B9-84F6-4AD4-B89E-AE230A7461B8}.Debug|iPhone.ActiveCfg = Debug|Any CPU
		{4EA643B9-84F6-4AD4-B89E-AE230A7461B8}.Debug|iPhone.Build.0 = Debug|Any CPU
		{4EA643B9-84F6-4AD4-B89E-AE230A7461B8}.Debug|iPhoneSimulator.ActiveCfg = Debug|Any CPU
		{4EA643B9-84F6-4AD4-B89E-AE230A7461B8}.Debug|iPhoneSimulator.Build.0 = Debug|Any CPU
		{4EA643B9-84F6-4AD4-B89E-AE230A7461B8}.Debug|Mixed Platforms.ActiveCfg = Debug|Any CPU
		{4EA643B9-84F6-4AD4-B89E-AE230A7461B8}.Debug|Mixed Platforms.Build.0 = Debug|Any CPU
		{4EA643B9-84F6-4AD4-B89E-AE230A7461B8}.Release|Any CPU.ActiveCfg = Release|Any CPU
		{4EA643B9-84F6-4AD4-B89E-AE230A7461B8}.Release|Any CPU.Build.0 = Release|Any CPU
		{4EA643B9-84F6-4AD4-B89E-AE230A7461B8}.Release|iPhone.ActiveCfg = Release|Any CPU
		{4EA643B9-84F6-4AD4-B89E-AE230A7461B8}.Release|iPhone.Build.0 = Release|Any CPU
		{4EA643B9-84F6-4AD4-B89E-AE230A7461B8}.Release|iPhoneSimulator.ActiveCfg = Release|Any CPU
		{4EA643B9-84F6-4AD4-B89E-AE230A7461B8}.Release|iPhoneSimulator.Build.0 = Release|Any CPU
		{4EA643B9-84F6-4AD4-B89E-AE230A7461B8}.Release|Mixed Platforms.ActiveCfg = Release|Any CPU
		{4EA643B9-84F6-4AD4-B89E-AE230A7461B8}.Release|Mixed Platforms.Build.0 = Release|Any CPU
		{FE4491D7-0609-4D6F-957B-9DDA3FA03D9F}.Ad-Hoc|Any CPU.ActiveCfg = Release|Any CPU
		{FE4491D7-0609-4D6F-957B-9DDA3FA03D9F}.Ad-Hoc|Any CPU.Build.0 = Release|Any CPU
		{FE4491D7-0609-4D6F-957B-9DDA3FA03D9F}.Ad-Hoc|iPhone.ActiveCfg = Debug|Any CPU
		{FE4491D7-0609-4D6F-957B-9DDA3FA03D9F}.Ad-Hoc|iPhone.Build.0 = Debug|Any CPU
		{FE4491D7-0609-4D6F-957B-9DDA3FA03D9F}.Ad-Hoc|iPhoneSimulator.ActiveCfg = Release|Any CPU
		{FE4491D7-0609-4D6F-957B-9DDA3FA03D9F}.Ad-Hoc|Mixed Platforms.ActiveCfg = Release|Any CPU
		{FE4491D7-0609-4D6F-957B-9DDA3FA03D9F}.Ad-Hoc|Mixed Platforms.Build.0 = Release|Any CPU
		{FE4491D7-0609-4D6F-957B-9DDA3FA03D9F}.AppStore|Any CPU.ActiveCfg = Release|Any CPU
		{FE4491D7-0609-4D6F-957B-9DDA3FA03D9F}.AppStore|Any CPU.Build.0 = Release|Any CPU
		{FE4491D7-0609-4D6F-957B-9DDA3FA03D9F}.AppStore|iPhone.ActiveCfg = Release|Any CPU
		{FE4491D7-0609-4D6F-957B-9DDA3FA03D9F}.AppStore|iPhone.Build.0 = Release|Any CPU
		{FE4491D7-0609-4D6F-957B-9DDA3FA03D9F}.AppStore|iPhoneSimulator.ActiveCfg = Release|Any CPU
		{FE4491D7-0609-4D6F-957B-9DDA3FA03D9F}.AppStore|Mixed Platforms.ActiveCfg = Release|Any CPU
		{FE4491D7-0609-4D6F-957B-9DDA3FA03D9F}.AppStore|Mixed Platforms.Build.0 = Release|Any CPU
		{FE4491D7-0609-4D6F-957B-9DDA3FA03D9F}.Debug|Any CPU.ActiveCfg = Debug|Any CPU
		{FE4491D7-0609-4D6F-957B-9DDA3FA03D9F}.Debug|Any CPU.Build.0 = Debug|Any CPU
		{FE4491D7-0609-4D6F-957B-9DDA3FA03D9F}.Debug|iPhone.ActiveCfg = Debug|Any CPU
		{FE4491D7-0609-4D6F-957B-9DDA3FA03D9F}.Debug|iPhoneSimulator.ActiveCfg = Debug|Any CPU
		{FE4491D7-0609-4D6F-957B-9DDA3FA03D9F}.Debug|iPhoneSimulator.Build.0 = Debug|Any CPU
		{FE4491D7-0609-4D6F-957B-9DDA3FA03D9F}.Debug|Mixed Platforms.ActiveCfg = Debug|Any CPU
		{FE4491D7-0609-4D6F-957B-9DDA3FA03D9F}.Debug|Mixed Platforms.Build.0 = Debug|Any CPU
		{FE4491D7-0609-4D6F-957B-9DDA3FA03D9F}.Release|Any CPU.ActiveCfg = Release|Any CPU
		{FE4491D7-0609-4D6F-957B-9DDA3FA03D9F}.Release|Any CPU.Build.0 = Release|Any CPU
		{FE4491D7-0609-4D6F-957B-9DDA3FA03D9F}.Release|iPhone.ActiveCfg = Release|Any CPU
		{FE4491D7-0609-4D6F-957B-9DDA3FA03D9F}.Release|iPhone.Build.0 = Release|Any CPU
		{FE4491D7-0609-4D6F-957B-9DDA3FA03D9F}.Release|iPhoneSimulator.ActiveCfg = Release|Any CPU
		{FE4491D7-0609-4D6F-957B-9DDA3FA03D9F}.Release|iPhoneSimulator.Build.0 = Release|Any CPU
		{FE4491D7-0609-4D6F-957B-9DDA3FA03D9F}.Release|Mixed Platforms.ActiveCfg = Release|Any CPU
		{FE4491D7-0609-4D6F-957B-9DDA3FA03D9F}.Release|Mixed Platforms.Build.0 = Release|Any CPU
		{7AEE1826-7F7B-4F1A-B779-D80DD2E9E1B3}.Ad-Hoc|Any CPU.ActiveCfg = Release|Any CPU
		{7AEE1826-7F7B-4F1A-B779-D80DD2E9E1B3}.Ad-Hoc|Any CPU.Build.0 = Release|Any CPU
		{7AEE1826-7F7B-4F1A-B779-D80DD2E9E1B3}.Ad-Hoc|Any CPU.Deploy.0 = Release|Any CPU
		{7AEE1826-7F7B-4F1A-B779-D80DD2E9E1B3}.Ad-Hoc|iPhone.ActiveCfg = Release|Any CPU
		{7AEE1826-7F7B-4F1A-B779-D80DD2E9E1B3}.Ad-Hoc|iPhoneSimulator.ActiveCfg = Release|Any CPU
		{7AEE1826-7F7B-4F1A-B779-D80DD2E9E1B3}.Ad-Hoc|Mixed Platforms.ActiveCfg = Release|Any CPU
		{7AEE1826-7F7B-4F1A-B779-D80DD2E9E1B3}.Ad-Hoc|Mixed Platforms.Build.0 = Release|Any CPU
		{7AEE1826-7F7B-4F1A-B779-D80DD2E9E1B3}.Ad-Hoc|Mixed Platforms.Deploy.0 = Release|Any CPU
		{7AEE1826-7F7B-4F1A-B779-D80DD2E9E1B3}.AppStore|Any CPU.ActiveCfg = Release|Any CPU
		{7AEE1826-7F7B-4F1A-B779-D80DD2E9E1B3}.AppStore|Any CPU.Build.0 = Release|Any CPU
		{7AEE1826-7F7B-4F1A-B779-D80DD2E9E1B3}.AppStore|Any CPU.Deploy.0 = Release|Any CPU
		{7AEE1826-7F7B-4F1A-B779-D80DD2E9E1B3}.AppStore|iPhone.ActiveCfg = Release|Any CPU
		{7AEE1826-7F7B-4F1A-B779-D80DD2E9E1B3}.AppStore|iPhoneSimulator.ActiveCfg = Release|Any CPU
		{7AEE1826-7F7B-4F1A-B779-D80DD2E9E1B3}.AppStore|Mixed Platforms.ActiveCfg = Release|Any CPU
		{7AEE1826-7F7B-4F1A-B779-D80DD2E9E1B3}.AppStore|Mixed Platforms.Build.0 = Release|Any CPU
		{7AEE1826-7F7B-4F1A-B779-D80DD2E9E1B3}.AppStore|Mixed Platforms.Deploy.0 = Release|Any CPU
		{7AEE1826-7F7B-4F1A-B779-D80DD2E9E1B3}.Debug|Any CPU.ActiveCfg = Debug|Any CPU
		{7AEE1826-7F7B-4F1A-B779-D80DD2E9E1B3}.Debug|Any CPU.Build.0 = Debug|Any CPU
		{7AEE1826-7F7B-4F1A-B779-D80DD2E9E1B3}.Debug|Any CPU.Deploy.0 = Debug|Any CPU
		{7AEE1826-7F7B-4F1A-B779-D80DD2E9E1B3}.Debug|iPhone.ActiveCfg = Debug|Any CPU
		{7AEE1826-7F7B-4F1A-B779-D80DD2E9E1B3}.Debug|iPhoneSimulator.ActiveCfg = Debug|Any CPU
		{7AEE1826-7F7B-4F1A-B779-D80DD2E9E1B3}.Debug|Mixed Platforms.ActiveCfg = Debug|Any CPU
		{7AEE1826-7F7B-4F1A-B779-D80DD2E9E1B3}.Debug|Mixed Platforms.Build.0 = Debug|Any CPU
		{7AEE1826-7F7B-4F1A-B779-D80DD2E9E1B3}.Debug|Mixed Platforms.Deploy.0 = Debug|Any CPU
		{7AEE1826-7F7B-4F1A-B779-D80DD2E9E1B3}.Release|Any CPU.ActiveCfg = Release|Any CPU
		{7AEE1826-7F7B-4F1A-B779-D80DD2E9E1B3}.Release|Any CPU.Build.0 = Release|Any CPU
		{7AEE1826-7F7B-4F1A-B779-D80DD2E9E1B3}.Release|Any CPU.Deploy.0 = Release|Any CPU
		{7AEE1826-7F7B-4F1A-B779-D80DD2E9E1B3}.Release|iPhone.ActiveCfg = Release|Any CPU
		{7AEE1826-7F7B-4F1A-B779-D80DD2E9E1B3}.Release|iPhoneSimulator.ActiveCfg = Release|Any CPU
		{7AEE1826-7F7B-4F1A-B779-D80DD2E9E1B3}.Release|Mixed Platforms.ActiveCfg = Release|Any CPU
		{7AEE1826-7F7B-4F1A-B779-D80DD2E9E1B3}.Release|Mixed Platforms.Build.0 = Release|Any CPU
		{7AEE1826-7F7B-4F1A-B779-D80DD2E9E1B3}.Release|Mixed Platforms.Deploy.0 = Release|Any CPU
		{2ED263C0-FAA0-4CAB-B212-15A94801F09B}.Ad-Hoc|Any CPU.ActiveCfg = Ad-Hoc|iPhone
		{2ED263C0-FAA0-4CAB-B212-15A94801F09B}.Ad-Hoc|iPhone.ActiveCfg = Ad-Hoc|iPhone
		{2ED263C0-FAA0-4CAB-B212-15A94801F09B}.Ad-Hoc|iPhone.Build.0 = Ad-Hoc|iPhone
		{2ED263C0-FAA0-4CAB-B212-15A94801F09B}.Ad-Hoc|iPhoneSimulator.ActiveCfg = Ad-Hoc|iPhoneSimulator
		{2ED263C0-FAA0-4CAB-B212-15A94801F09B}.Ad-Hoc|iPhoneSimulator.Build.0 = Ad-Hoc|iPhoneSimulator
		{2ED263C0-FAA0-4CAB-B212-15A94801F09B}.Ad-Hoc|Mixed Platforms.ActiveCfg = Ad-Hoc|iPhone
		{2ED263C0-FAA0-4CAB-B212-15A94801F09B}.Ad-Hoc|Mixed Platforms.Build.0 = Ad-Hoc|iPhone
		{2ED263C0-FAA0-4CAB-B212-15A94801F09B}.AppStore|Any CPU.ActiveCfg = AppStore|iPhone
		{2ED263C0-FAA0-4CAB-B212-15A94801F09B}.AppStore|iPhone.ActiveCfg = AppStore|iPhone
		{2ED263C0-FAA0-4CAB-B212-15A94801F09B}.AppStore|iPhone.Build.0 = AppStore|iPhone
		{2ED263C0-FAA0-4CAB-B212-15A94801F09B}.AppStore|iPhoneSimulator.ActiveCfg = AppStore|iPhoneSimulator
		{2ED263C0-FAA0-4CAB-B212-15A94801F09B}.AppStore|iPhoneSimulator.Build.0 = AppStore|iPhoneSimulator
		{2ED263C0-FAA0-4CAB-B212-15A94801F09B}.AppStore|Mixed Platforms.ActiveCfg = AppStore|iPhone
		{2ED263C0-FAA0-4CAB-B212-15A94801F09B}.AppStore|Mixed Platforms.Build.0 = AppStore|iPhone
		{2ED263C0-FAA0-4CAB-B212-15A94801F09B}.Debug|Any CPU.ActiveCfg = Debug|iPhone
		{2ED263C0-FAA0-4CAB-B212-15A94801F09B}.Debug|iPhone.ActiveCfg = Debug|iPhone
		{2ED263C0-FAA0-4CAB-B212-15A94801F09B}.Debug|iPhone.Build.0 = Debug|iPhone
		{2ED263C0-FAA0-4CAB-B212-15A94801F09B}.Debug|iPhoneSimulator.ActiveCfg = Debug|iPhoneSimulator
		{2ED263C0-FAA0-4CAB-B212-15A94801F09B}.Debug|iPhoneSimulator.Build.0 = Debug|iPhoneSimulator
		{2ED263C0-FAA0-4CAB-B212-15A94801F09B}.Debug|Mixed Platforms.ActiveCfg = Debug|iPhone
		{2ED263C0-FAA0-4CAB-B212-15A94801F09B}.Debug|Mixed Platforms.Build.0 = Debug|iPhone
		{2ED263C0-FAA0-4CAB-B212-15A94801F09B}.Release|Any CPU.ActiveCfg = Release|iPhone
		{2ED263C0-FAA0-4CAB-B212-15A94801F09B}.Release|iPhone.ActiveCfg = Release|iPhone
		{2ED263C0-FAA0-4CAB-B212-15A94801F09B}.Release|iPhone.Build.0 = Release|iPhone
		{2ED263C0-FAA0-4CAB-B212-15A94801F09B}.Release|iPhoneSimulator.ActiveCfg = Release|iPhoneSimulator
		{2ED263C0-FAA0-4CAB-B212-15A94801F09B}.Release|iPhoneSimulator.Build.0 = Release|iPhoneSimulator
		{2ED263C0-FAA0-4CAB-B212-15A94801F09B}.Release|Mixed Platforms.ActiveCfg = Release|iPhone
		{2ED263C0-FAA0-4CAB-B212-15A94801F09B}.Release|Mixed Platforms.Build.0 = Release|iPhone
		{8E435CF3-C669-41BF-9768-7A40EBD21CC5}.Ad-Hoc|Any CPU.ActiveCfg = Release|Any CPU
		{8E435CF3-C669-41BF-9768-7A40EBD21CC5}.Ad-Hoc|Any CPU.Build.0 = Release|Any CPU
		{8E435CF3-C669-41BF-9768-7A40EBD21CC5}.Ad-Hoc|iPhone.ActiveCfg = Release|Any CPU
		{8E435CF3-C669-41BF-9768-7A40EBD21CC5}.Ad-Hoc|iPhoneSimulator.ActiveCfg = Release|Any CPU
		{8E435CF3-C669-41BF-9768-7A40EBD21CC5}.Ad-Hoc|Mixed Platforms.ActiveCfg = Release|Any CPU
		{8E435CF3-C669-41BF-9768-7A40EBD21CC5}.Ad-Hoc|Mixed Platforms.Build.0 = Release|Any CPU
		{8E435CF3-C669-41BF-9768-7A40EBD21CC5}.AppStore|Any CPU.ActiveCfg = Release|Any CPU
		{8E435CF3-C669-41BF-9768-7A40EBD21CC5}.AppStore|Any CPU.Build.0 = Release|Any CPU
		{8E435CF3-C669-41BF-9768-7A40EBD21CC5}.AppStore|iPhone.ActiveCfg = Release|Any CPU
		{8E435CF3-C669-41BF-9768-7A40EBD21CC5}.AppStore|iPhoneSimulator.ActiveCfg = Release|Any CPU
		{8E435CF3-C669-41BF-9768-7A40EBD21CC5}.AppStore|Mixed Platforms.ActiveCfg = Release|Any CPU
		{8E435CF3-C669-41BF-9768-7A40EBD21CC5}.AppStore|Mixed Platforms.Build.0 = Release|Any CPU
		{8E435CF3-C669-41BF-9768-7A40EBD21CC5}.Debug|Any CPU.ActiveCfg = Debug|Any CPU
		{8E435CF3-C669-41BF-9768-7A40EBD21CC5}.Debug|Any CPU.Build.0 = Debug|Any CPU
		{8E435CF3-C669-41BF-9768-7A40EBD21CC5}.Debug|iPhone.ActiveCfg = Debug|Any CPU
		{8E435CF3-C669-41BF-9768-7A40EBD21CC5}.Debug|iPhone.Build.0 = Debug|Any CPU
		{8E435CF3-C669-41BF-9768-7A40EBD21CC5}.Debug|iPhoneSimulator.ActiveCfg = Debug|Any CPU
		{8E435CF3-C669-41BF-9768-7A40EBD21CC5}.Debug|Mixed Platforms.ActiveCfg = Debug|Any CPU
		{8E435CF3-C669-41BF-9768-7A40EBD21CC5}.Debug|Mixed Platforms.Build.0 = Debug|Any CPU
		{8E435CF3-C669-41BF-9768-7A40EBD21CC5}.Release|Any CPU.ActiveCfg = Release|Any CPU
		{8E435CF3-C669-41BF-9768-7A40EBD21CC5}.Release|Any CPU.Build.0 = Release|Any CPU
		{8E435CF3-C669-41BF-9768-7A40EBD21CC5}.Release|iPhone.ActiveCfg = Release|Any CPU
		{8E435CF3-C669-41BF-9768-7A40EBD21CC5}.Release|iPhoneSimulator.ActiveCfg = Release|Any CPU
		{8E435CF3-C669-41BF-9768-7A40EBD21CC5}.Release|Mixed Platforms.ActiveCfg = Release|Any CPU
		{8E435CF3-C669-41BF-9768-7A40EBD21CC5}.Release|Mixed Platforms.Build.0 = Release|Any CPU
		{D8259A30-0714-4160-89AF-0C644551DF3B}.Ad-Hoc|Any CPU.ActiveCfg = Release|Any CPU
		{D8259A30-0714-4160-89AF-0C644551DF3B}.Ad-Hoc|Any CPU.Build.0 = Release|Any CPU
		{D8259A30-0714-4160-89AF-0C644551DF3B}.Ad-Hoc|iPhone.ActiveCfg = Release|Any CPU
		{D8259A30-0714-4160-89AF-0C644551DF3B}.Ad-Hoc|iPhoneSimulator.ActiveCfg = Release|Any CPU
		{D8259A30-0714-4160-89AF-0C644551DF3B}.Ad-Hoc|Mixed Platforms.ActiveCfg = Release|Any CPU
		{D8259A30-0714-4160-89AF-0C644551DF3B}.Ad-Hoc|Mixed Platforms.Build.0 = Release|Any CPU
		{D8259A30-0714-4160-89AF-0C644551DF3B}.AppStore|Any CPU.ActiveCfg = Release|Any CPU
		{D8259A30-0714-4160-89AF-0C644551DF3B}.AppStore|Any CPU.Build.0 = Release|Any CPU
		{D8259A30-0714-4160-89AF-0C644551DF3B}.AppStore|iPhone.ActiveCfg = Release|Any CPU
		{D8259A30-0714-4160-89AF-0C644551DF3B}.AppStore|iPhoneSimulator.ActiveCfg = Release|Any CPU
		{D8259A30-0714-4160-89AF-0C644551DF3B}.AppStore|Mixed Platforms.ActiveCfg = Release|Any CPU
		{D8259A30-0714-4160-89AF-0C644551DF3B}.AppStore|Mixed Platforms.Build.0 = Release|Any CPU
		{D8259A30-0714-4160-89AF-0C644551DF3B}.Debug|Any CPU.ActiveCfg = Debug|Any CPU
		{D8259A30-0714-4160-89AF-0C644551DF3B}.Debug|Any CPU.Build.0 = Debug|Any CPU
		{D8259A30-0714-4160-89AF-0C644551DF3B}.Debug|iPhone.ActiveCfg = Debug|Any CPU
		{D8259A30-0714-4160-89AF-0C644551DF3B}.Debug|iPhone.Build.0 = Debug|Any CPU
		{D8259A30-0714-4160-89AF-0C644551DF3B}.Debug|iPhoneSimulator.ActiveCfg = Debug|Any CPU
		{D8259A30-0714-4160-89AF-0C644551DF3B}.Debug|Mixed Platforms.ActiveCfg = Debug|Any CPU
		{D8259A30-0714-4160-89AF-0C644551DF3B}.Debug|Mixed Platforms.Build.0 = Debug|Any CPU
		{D8259A30-0714-4160-89AF-0C644551DF3B}.Release|Any CPU.ActiveCfg = Release|Any CPU
		{D8259A30-0714-4160-89AF-0C644551DF3B}.Release|Any CPU.Build.0 = Release|Any CPU
		{D8259A30-0714-4160-89AF-0C644551DF3B}.Release|iPhone.ActiveCfg = Release|Any CPU
		{D8259A30-0714-4160-89AF-0C644551DF3B}.Release|iPhoneSimulator.ActiveCfg = Release|Any CPU
		{D8259A30-0714-4160-89AF-0C644551DF3B}.Release|Mixed Platforms.ActiveCfg = Release|Any CPU
		{D8259A30-0714-4160-89AF-0C644551DF3B}.Release|Mixed Platforms.Build.0 = Release|Any CPU
	EndGlobalSection
	GlobalSection(SolutionProperties) = preSolution
		HideSolutionNode = FALSE
	EndGlobalSection
	GlobalSection(NestedProjects) = preSolution
		{D59E8B57-9EC9-46FC-9E74-02FD6F2AA6FD} = {BCFB0D4C-CAEB-4FDF-B354-446CEDC38A3F}
		{11A2EFE5-5E9E-41A1-B3D4-CD6665BD5D96} = {BCFB0D4C-CAEB-4FDF-B354-446CEDC38A3F}
		{FE4491D7-0609-4D6F-957B-9DDA3FA03D9F} = {BCFB0D4C-CAEB-4FDF-B354-446CEDC38A3F}
		{7AEE1826-7F7B-4F1A-B779-D80DD2E9E1B3} = {E72125D5-EA48-4E8D-B252-B1D78E7BC79B}
		{2ED263C0-FAA0-4CAB-B212-15A94801F09B} = {E72125D5-EA48-4E8D-B252-B1D78E7BC79B}
		{8E435CF3-C669-41BF-9768-7A40EBD21CC5} = {E72125D5-EA48-4E8D-B252-B1D78E7BC79B}
	EndGlobalSection
EndGlobal
